// !$*UTF8*$!
{
	archiveVersion = 1;
	classes = {
	};
	objectVersion = 46;
	objects = {

/* Begin PBXBuildFile section */
		C374265F180BE76F00F24E01 /* QuartzCore.framework in Frameworks */ = {isa = PBXBuildFile; fileRef = C374265E180BE76F00F24E01 /* QuartzCore.framework */; };
		C3742661180BE76F00F24E01 /* OpenGLES.framework in Frameworks */ = {isa = PBXBuildFile; fileRef = C3742660180BE76F00F24E01 /* OpenGLES.framework */; };
		C3742663180BE76F00F24E01 /* OpenAL.framework in Frameworks */ = {isa = PBXBuildFile; fileRef = C3742662180BE76F00F24E01 /* OpenAL.framework */; };
		C3742665180BE76F00F24E01 /* AudioToolbox.framework in Frameworks */ = {isa = PBXBuildFile; fileRef = C3742664180BE76F00F24E01 /* AudioToolbox.framework */; };
		C3742667180BE76F00F24E01 /* AVFoundation.framework in Frameworks */ = {isa = PBXBuildFile; fileRef = C3742666180BE76F00F24E01 /* AVFoundation.framework */; };
		C3742669180BE76F00F24E01 /* UIKit.framework in Frameworks */ = {isa = PBXBuildFile; fileRef = C3742668180BE76F00F24E01 /* UIKit.framework */; };
		C374266B180BE76F00F24E01 /* Foundation.framework in Frameworks */ = {isa = PBXBuildFile; fileRef = C374266A180BE76F00F24E01 /* Foundation.framework */; };
		C374266D180BE76F00F24E01 /* CoreGraphics.framework in Frameworks */ = {isa = PBXBuildFile; fileRef = C374266C180BE76F00F24E01 /* CoreGraphics.framework */; };
		C374266F180BE76F00F24E01 /* GameKit.framework in Frameworks */ = {isa = PBXBuildFile; fileRef = C374266E180BE76F00F24E01 /* GameKit.framework */; };
		C3742673180BE76F00F24E01 /* Default.png in Resources */ = {isa = PBXBuildFile; fileRef = C3742672180BE76F00F24E01 /* Default.png */; };
		C3742675180BE76F00F24E01 /* Default-Landscape~ipad.png in Resources */ = {isa = PBXBuildFile; fileRef = C3742674180BE76F00F24E01 /* Default-Landscape~ipad.png */; };
		C3742677180BE76F00F24E01 /* fps_images.png in Resources */ = {isa = PBXBuildFile; fileRef = C3742676180BE76F00F24E01 /* fps_images.png */; };
		C3742679180BE76F00F24E01 /* fps_images-hd.png in Resources */ = {isa = PBXBuildFile; fileRef = C3742678180BE76F00F24E01 /* fps_images-hd.png */; };
		C374267B180BE76F00F24E01 /* fps_images-ipadhd.png in Resources */ = {isa = PBXBuildFile; fileRef = C374267A180BE76F00F24E01 /* fps_images-ipadhd.png */; };
		C374267D180BE76F00F24E01 /* Icon-72.png in Resources */ = {isa = PBXBuildFile; fileRef = C374267C180BE76F00F24E01 /* Icon-72.png */; };
		C374267F180BE76F00F24E01 /* Icon-Small-50.png in Resources */ = {isa = PBXBuildFile; fileRef = C374267E180BE76F00F24E01 /* Icon-Small-50.png */; };
		C3742681180BE76F00F24E01 /* Icon-Small.png in Resources */ = {isa = PBXBuildFile; fileRef = C3742680180BE76F00F24E01 /* Icon-Small.png */; };
		C3742683180BE76F00F24E01 /* Icon-Small@2x.png in Resources */ = {isa = PBXBuildFile; fileRef = C3742682180BE76F00F24E01 /* Icon-Small@2x.png */; };
		C3742685180BE76F00F24E01 /* Icon.png in Resources */ = {isa = PBXBuildFile; fileRef = C3742684180BE76F00F24E01 /* Icon.png */; };
		C3742687180BE76F00F24E01 /* Icon@2x.png in Resources */ = {isa = PBXBuildFile; fileRef = C3742686180BE76F00F24E01 /* Icon@2x.png */; };
		C374268A180BE76F00F24E01 /* iTunesArtwork in Resources */ = {isa = PBXBuildFile; fileRef = C3742689180BE76F00F24E01 /* iTunesArtwork */; };
		C374268F180BE76F00F24E01 /* CCAction.m in Sources */ = {isa = PBXBuildFile; fileRef = C374268E180BE76F00F24E01 /* CCAction.m */; };
		C3742692180BE76F00F24E01 /* CCActionCamera.m in Sources */ = {isa = PBXBuildFile; fileRef = C3742691180BE76F00F24E01 /* CCActionCamera.m */; };
		C3742695180BE77000F24E01 /* CCActionCatmullRom.m in Sources */ = {isa = PBXBuildFile; fileRef = C3742694180BE77000F24E01 /* CCActionCatmullRom.m */; };
		C3742698180BE77000F24E01 /* CCActionEase.m in Sources */ = {isa = PBXBuildFile; fileRef = C3742697180BE77000F24E01 /* CCActionEase.m */; };
		C374269B180BE77000F24E01 /* CCActionGrid.m in Sources */ = {isa = PBXBuildFile; fileRef = C374269A180BE77000F24E01 /* CCActionGrid.m */; };
		C374269E180BE77000F24E01 /* CCActionGrid3D.m in Sources */ = {isa = PBXBuildFile; fileRef = C374269D180BE77000F24E01 /* CCActionGrid3D.m */; };
		C37426A1180BE77000F24E01 /* CCActionInstant.m in Sources */ = {isa = PBXBuildFile; fileRef = C37426A0180BE77000F24E01 /* CCActionInstant.m */; };
		C37426A4180BE77000F24E01 /* CCActionInterval.m in Sources */ = {isa = PBXBuildFile; fileRef = C37426A3180BE77000F24E01 /* CCActionInterval.m */; };
		C37426A7180BE77000F24E01 /* CCActionManager.m in Sources */ = {isa = PBXBuildFile; fileRef = C37426A6180BE77000F24E01 /* CCActionManager.m */; };
		C37426AA180BE77000F24E01 /* CCActionPageTurn3D.m in Sources */ = {isa = PBXBuildFile; fileRef = C37426A9180BE77000F24E01 /* CCActionPageTurn3D.m */; };
		C37426AD180BE77000F24E01 /* CCActionProgressTimer.m in Sources */ = {isa = PBXBuildFile; fileRef = C37426AC180BE77000F24E01 /* CCActionProgressTimer.m */; };
		C37426B0180BE77000F24E01 /* CCActionTiledGrid.m in Sources */ = {isa = PBXBuildFile; fileRef = C37426AF180BE77000F24E01 /* CCActionTiledGrid.m */; };
		C37426B3180BE77000F24E01 /* CCActionTween.m in Sources */ = {isa = PBXBuildFile; fileRef = C37426B2180BE77000F24E01 /* CCActionTween.m */; };
		C37426B6180BE77000F24E01 /* CCAnimation.m in Sources */ = {isa = PBXBuildFile; fileRef = C37426B5180BE77000F24E01 /* CCAnimation.m */; };
		C37426B9180BE77000F24E01 /* CCAnimationCache.m in Sources */ = {isa = PBXBuildFile; fileRef = C37426B8180BE77000F24E01 /* CCAnimationCache.m */; };
		C37426BC180BE77000F24E01 /* CCAtlasNode.m in Sources */ = {isa = PBXBuildFile; fileRef = C37426BB180BE77000F24E01 /* CCAtlasNode.m */; };
		C37426BF180BE77000F24E01 /* CCCamera.m in Sources */ = {isa = PBXBuildFile; fileRef = C37426BE180BE77000F24E01 /* CCCamera.m */; };
		C37426C3180BE77000F24E01 /* CCConfiguration.m in Sources */ = {isa = PBXBuildFile; fileRef = C37426C2180BE77000F24E01 /* CCConfiguration.m */; };
		C37426C6180BE77000F24E01 /* ccDeprecated.m in Sources */ = {isa = PBXBuildFile; fileRef = C37426C5180BE77000F24E01 /* ccDeprecated.m */; };
		C37426C9180BE77000F24E01 /* CCDirector.m in Sources */ = {isa = PBXBuildFile; fileRef = C37426C8180BE77000F24E01 /* CCDirector.m */; };
		C37426CC180BE77000F24E01 /* CCDrawingPrimitives.m in Sources */ = {isa = PBXBuildFile; fileRef = C37426CB180BE77000F24E01 /* CCDrawingPrimitives.m */; };
		C37426CF180BE77000F24E01 /* CCGLProgram.m in Sources */ = {isa = PBXBuildFile; fileRef = C37426CE180BE77000F24E01 /* CCGLProgram.m */; };
		C37426D2180BE77000F24E01 /* ccGLStateCache.m in Sources */ = {isa = PBXBuildFile; fileRef = C37426D1180BE77000F24E01 /* ccGLStateCache.m */; };
		C37426D5180BE77000F24E01 /* CCGrabber.m in Sources */ = {isa = PBXBuildFile; fileRef = C37426D4180BE77000F24E01 /* CCGrabber.m */; };
		C37426D8180BE77000F24E01 /* CCGrid.m in Sources */ = {isa = PBXBuildFile; fileRef = C37426D7180BE77000F24E01 /* CCGrid.m */; };
		C37426DB180BE77000F24E01 /* CCLabelAtlas.m in Sources */ = {isa = PBXBuildFile; fileRef = C37426DA180BE77000F24E01 /* CCLabelAtlas.m */; };
		C37426DE180BE77000F24E01 /* CCLabelBMFont.m in Sources */ = {isa = PBXBuildFile; fileRef = C37426DD180BE77000F24E01 /* CCLabelBMFont.m */; };
		C37426E1180BE77000F24E01 /* CCLabelTTF.m in Sources */ = {isa = PBXBuildFile; fileRef = C37426E0180BE77000F24E01 /* CCLabelTTF.m */; };
		C37426E4180BE77000F24E01 /* CCLayer.m in Sources */ = {isa = PBXBuildFile; fileRef = C37426E3180BE77000F24E01 /* CCLayer.m */; };
		C37426E8180BE77000F24E01 /* CCMenu.m in Sources */ = {isa = PBXBuildFile; fileRef = C37426E7180BE77000F24E01 /* CCMenu.m */; };
		C37426EB180BE77000F24E01 /* CCMenuItem.m in Sources */ = {isa = PBXBuildFile; fileRef = C37426EA180BE77000F24E01 /* CCMenuItem.m */; };
		C37426EE180BE77000F24E01 /* CCMotionStreak.m in Sources */ = {isa = PBXBuildFile; fileRef = C37426ED180BE77000F24E01 /* CCMotionStreak.m */; };
		C37426F1180BE77000F24E01 /* CCNode+Debug.m in Sources */ = {isa = PBXBuildFile; fileRef = C37426F0180BE77000F24E01 /* CCNode+Debug.m */; };
		C37426F4180BE77000F24E01 /* CCNode.m in Sources */ = {isa = PBXBuildFile; fileRef = C37426F3180BE77000F24E01 /* CCNode.m */; };
		C37426F7180BE77000F24E01 /* CCParallaxNode.m in Sources */ = {isa = PBXBuildFile; fileRef = C37426F6180BE77000F24E01 /* CCParallaxNode.m */; };
		C37426FA180BE77000F24E01 /* CCParticleBatchNode.m in Sources */ = {isa = PBXBuildFile; fileRef = C37426F9180BE77000F24E01 /* CCParticleBatchNode.m */; };
		C37426FD180BE77000F24E01 /* CCParticleExamples.m in Sources */ = {isa = PBXBuildFile; fileRef = C37426FC180BE77000F24E01 /* CCParticleExamples.m */; };
		C3742700180BE77000F24E01 /* CCParticleSystem.m in Sources */ = {isa = PBXBuildFile; fileRef = C37426FF180BE77000F24E01 /* CCParticleSystem.m */; };
		C3742703180BE77000F24E01 /* CCParticleSystemQuad.m in Sources */ = {isa = PBXBuildFile; fileRef = C3742702180BE77000F24E01 /* CCParticleSystemQuad.m */; };
		C3742706180BE77000F24E01 /* CCProgressTimer.m in Sources */ = {isa = PBXBuildFile; fileRef = C3742705180BE77000F24E01 /* CCProgressTimer.m */; };
		C374270A180BE77000F24E01 /* CCRenderTexture.m in Sources */ = {isa = PBXBuildFile; fileRef = C3742709180BE77000F24E01 /* CCRenderTexture.m */; };
		C374270D180BE77000F24E01 /* CCScene.m in Sources */ = {isa = PBXBuildFile; fileRef = C374270C180BE77000F24E01 /* CCScene.m */; };
		C3742710180BE77000F24E01 /* CCScheduler.m in Sources */ = {isa = PBXBuildFile; fileRef = C374270F180BE77000F24E01 /* CCScheduler.m */; };
		C3742720180BE77100F24E01 /* CCShaderCache.m in Sources */ = {isa = PBXBuildFile; fileRef = C374271F180BE77100F24E01 /* CCShaderCache.m */; };
		C3742723180BE77100F24E01 /* ccShaders.m in Sources */ = {isa = PBXBuildFile; fileRef = C3742722180BE77100F24E01 /* ccShaders.m */; };
		C3742726180BE77100F24E01 /* CCSprite.m in Sources */ = {isa = PBXBuildFile; fileRef = C3742725180BE77100F24E01 /* CCSprite.m */; };
		C3742729180BE77100F24E01 /* CCSpriteBatchNode.m in Sources */ = {isa = PBXBuildFile; fileRef = C3742728180BE77100F24E01 /* CCSpriteBatchNode.m */; };
		C374272C180BE77100F24E01 /* CCSpriteFrame.m in Sources */ = {isa = PBXBuildFile; fileRef = C374272B180BE77100F24E01 /* CCSpriteFrame.m */; };
		C374272F180BE77100F24E01 /* CCSpriteFrameCache.m in Sources */ = {isa = PBXBuildFile; fileRef = C374272E180BE77100F24E01 /* CCSpriteFrameCache.m */; };
		C3742732180BE77100F24E01 /* CCTexture2D.m in Sources */ = {isa = PBXBuildFile; fileRef = C3742731180BE77100F24E01 /* CCTexture2D.m */; };
		C3742735180BE77100F24E01 /* CCTextureAtlas.m in Sources */ = {isa = PBXBuildFile; fileRef = C3742734180BE77100F24E01 /* CCTextureAtlas.m */; };
		C3742738180BE77100F24E01 /* CCTextureCache.m in Sources */ = {isa = PBXBuildFile; fileRef = C3742737180BE77100F24E01 /* CCTextureCache.m */; };
		C374273B180BE77100F24E01 /* CCTexturePVR.m in Sources */ = {isa = PBXBuildFile; fileRef = C374273A180BE77100F24E01 /* CCTexturePVR.m */; };
		C374273E180BE77100F24E01 /* CCTileMapAtlas.m in Sources */ = {isa = PBXBuildFile; fileRef = C374273D180BE77100F24E01 /* CCTileMapAtlas.m */; };
		C3742741180BE77100F24E01 /* CCTMXLayer.m in Sources */ = {isa = PBXBuildFile; fileRef = C3742740180BE77100F24E01 /* CCTMXLayer.m */; };
		C3742744180BE77100F24E01 /* CCTMXObjectGroup.m in Sources */ = {isa = PBXBuildFile; fileRef = C3742743180BE77100F24E01 /* CCTMXObjectGroup.m */; };
		C3742747180BE77100F24E01 /* CCTMXTiledMap.m in Sources */ = {isa = PBXBuildFile; fileRef = C3742746180BE77100F24E01 /* CCTMXTiledMap.m */; };
		C374274A180BE77100F24E01 /* CCTMXXMLParser.m in Sources */ = {isa = PBXBuildFile; fileRef = C3742749180BE77100F24E01 /* CCTMXXMLParser.m */; };
		C374274D180BE77100F24E01 /* CCTransition.m in Sources */ = {isa = PBXBuildFile; fileRef = C374274C180BE77100F24E01 /* CCTransition.m */; };
		C3742750180BE77100F24E01 /* CCTransitionPageTurn.m in Sources */ = {isa = PBXBuildFile; fileRef = C374274F180BE77100F24E01 /* CCTransitionPageTurn.m */; };
		C3742753180BE77100F24E01 /* CCTransitionProgress.m in Sources */ = {isa = PBXBuildFile; fileRef = C3742752180BE77100F24E01 /* CCTransitionProgress.m */; };
		C3742757180BE77100F24E01 /* cocos2d.m in Sources */ = {isa = PBXBuildFile; fileRef = C3742756180BE77100F24E01 /* cocos2d.m */; };
		C374275E180BE77100F24E01 /* CCDirectorIOS.m in Sources */ = {isa = PBXBuildFile; fileRef = C374275D180BE77100F24E01 /* CCDirectorIOS.m */; };
		C3742761180BE77100F24E01 /* CCES2Renderer.m in Sources */ = {isa = PBXBuildFile; fileRef = C3742760180BE77100F24E01 /* CCES2Renderer.m */; };
		C3742765180BE77100F24E01 /* CCGLView.m in Sources */ = {isa = PBXBuildFile; fileRef = C3742764180BE77100F24E01 /* CCGLView.m */; };
		C3742769180BE77100F24E01 /* CCTouchDispatcher.m in Sources */ = {isa = PBXBuildFile; fileRef = C3742768180BE77100F24E01 /* CCTouchDispatcher.m */; };
		C374276C180BE77100F24E01 /* CCTouchHandler.m in Sources */ = {isa = PBXBuildFile; fileRef = C374276B180BE77100F24E01 /* CCTouchHandler.m */; };
		C3742770180BE77100F24E01 /* CCDirectorMac.m in Sources */ = {isa = PBXBuildFile; fileRef = C374276F180BE77100F24E01 /* CCDirectorMac.m */; };
		C3742773180BE77100F24E01 /* CCEventDispatcher.m in Sources */ = {isa = PBXBuildFile; fileRef = C3742772180BE77100F24E01 /* CCEventDispatcher.m */; };
		C3742776180BE77100F24E01 /* CCGLView.m in Sources */ = {isa = PBXBuildFile; fileRef = C3742775180BE77100F24E01 /* CCGLView.m */; };
		C3742779180BE77100F24E01 /* CCWindow.m in Sources */ = {isa = PBXBuildFile; fileRef = C3742778180BE77100F24E01 /* CCWindow.m */; };
		C374277C180BE77100F24E01 /* base64.c in Sources */ = {isa = PBXBuildFile; fileRef = C374277B180BE77100F24E01 /* base64.c */; };
		C3742780180BE77100F24E01 /* CCArray.m in Sources */ = {isa = PBXBuildFile; fileRef = C374277F180BE77100F24E01 /* CCArray.m */; };
		C3742783180BE77100F24E01 /* ccCArray.m in Sources */ = {isa = PBXBuildFile; fileRef = C3742782180BE77100F24E01 /* ccCArray.m */; };
		C3742786180BE77100F24E01 /* CCFileUtils.m in Sources */ = {isa = PBXBuildFile; fileRef = C3742785180BE77100F24E01 /* CCFileUtils.m */; };
		C3742789180BE77100F24E01 /* CCProfiling.m in Sources */ = {isa = PBXBuildFile; fileRef = C3742788180BE77100F24E01 /* CCProfiling.m */; };
		C374278B180BE77100F24E01 /* ccUtils.c in Sources */ = {isa = PBXBuildFile; fileRef = C374278A180BE77100F24E01 /* ccUtils.c */; };
		C374278F180BE77100F24E01 /* CCVertex.m in Sources */ = {isa = PBXBuildFile; fileRef = C374278E180BE77100F24E01 /* CCVertex.m */; };
		C3742792180BE77100F24E01 /* CGPointExtension.m in Sources */ = {isa = PBXBuildFile; fileRef = C3742791180BE77100F24E01 /* CGPointExtension.m */; };
		C3742795180BE77100F24E01 /* NSThread+performBlock.m in Sources */ = {isa = PBXBuildFile; fileRef = C3742794180BE77100F24E01 /* NSThread+performBlock.m */; };
		C3742799180BE77100F24E01 /* TGAlib.m in Sources */ = {isa = PBXBuildFile; fileRef = C3742798180BE77100F24E01 /* TGAlib.m */; };
		C374279C180BE77100F24E01 /* TransformUtils.m in Sources */ = {isa = PBXBuildFile; fileRef = C374279B180BE77100F24E01 /* TransformUtils.m */; };
		C37427A1180BE77100F24E01 /* ZipUtils.m in Sources */ = {isa = PBXBuildFile; fileRef = C37427A0180BE77100F24E01 /* ZipUtils.m */; };
		C37427A6180BE77100F24E01 /* CDAudioManager.m in Sources */ = {isa = PBXBuildFile; fileRef = C37427A5180BE77100F24E01 /* CDAudioManager.m */; };
		C37427AA180BE77100F24E01 /* CDOpenALSupport.m in Sources */ = {isa = PBXBuildFile; fileRef = C37427A9180BE77100F24E01 /* CDOpenALSupport.m */; };
		C37427AD180BE77200F24E01 /* CocosDenshion.m in Sources */ = {isa = PBXBuildFile; fileRef = C37427AC180BE77200F24E01 /* CocosDenshion.m */; };
		C37427B0180BE77200F24E01 /* SimpleAudioEngine.m in Sources */ = {isa = PBXBuildFile; fileRef = C37427AF180BE77200F24E01 /* SimpleAudioEngine.m */; };
		C37427C6180BE77200F24E01 /* aabb.c in Sources */ = {isa = PBXBuildFile; fileRef = C37427C5180BE77200F24E01 /* aabb.c */; };
		C37427C8180BE77200F24E01 /* ChangeLog in Resources */ = {isa = PBXBuildFile; fileRef = C37427C7180BE77200F24E01 /* ChangeLog */; };
		C37427CC180BE77200F24E01 /* mat4stack.c in Sources */ = {isa = PBXBuildFile; fileRef = C37427CB180BE77200F24E01 /* mat4stack.c */; };
		C37427CE180BE77200F24E01 /* matrix.c in Sources */ = {isa = PBXBuildFile; fileRef = C37427CD180BE77200F24E01 /* matrix.c */; };
		C37427D0180BE77200F24E01 /* mat3.c in Sources */ = {isa = PBXBuildFile; fileRef = C37427CF180BE77200F24E01 /* mat3.c */; };
		C37427D2180BE77200F24E01 /* mat4.c in Sources */ = {isa = PBXBuildFile; fileRef = C37427D1180BE77200F24E01 /* mat4.c */; };
		C37427D4180BE77200F24E01 /* neon_matrix_impl.c in Sources */ = {isa = PBXBuildFile; fileRef = C37427D3180BE77200F24E01 /* neon_matrix_impl.c */; };
		C37427D6180BE77200F24E01 /* plane.c in Sources */ = {isa = PBXBuildFile; fileRef = C37427D5180BE77200F24E01 /* plane.c */; };
		C37427D8180BE77200F24E01 /* quaternion.c in Sources */ = {isa = PBXBuildFile; fileRef = C37427D7180BE77200F24E01 /* quaternion.c */; };
		C37427DA180BE77200F24E01 /* ray2.c in Sources */ = {isa = PBXBuildFile; fileRef = C37427D9180BE77200F24E01 /* ray2.c */; };
		C37427DC180BE77200F24E01 /* utility.c in Sources */ = {isa = PBXBuildFile; fileRef = C37427DB180BE77200F24E01 /* utility.c */; };
		C37427DE180BE77200F24E01 /* vec2.c in Sources */ = {isa = PBXBuildFile; fileRef = C37427DD180BE77200F24E01 /* vec2.c */; };
		C37427E0180BE77200F24E01 /* vec3.c in Sources */ = {isa = PBXBuildFile; fileRef = C37427DF180BE77200F24E01 /* vec3.c */; };
		C37427E2180BE77200F24E01 /* vec4.c in Sources */ = {isa = PBXBuildFile; fileRef = C37427E1180BE77200F24E01 /* vec4.c */; };
		C37427E7180BE77200F24E01 /* main.m in Sources */ = {isa = PBXBuildFile; fileRef = C37427E6180BE77200F24E01 /* main.m */; };
		C37427EA180BE77200F24E01 /* AppDelegate.m in Sources */ = {isa = PBXBuildFile; fileRef = C37427E9180BE77200F24E01 /* AppDelegate.m */; };
		C37427ED180BE77200F24E01 /* HelloWorldLayer.m in Sources */ = {isa = PBXBuildFile; fileRef = C37427EC180BE77200F24E01 /* HelloWorldLayer.m */; };
		C37427F0180BE77200F24E01 /* IntroLayer.m in Sources */ = {isa = PBXBuildFile; fileRef = C37427EF180BE77200F24E01 /* IntroLayer.m */; };
/* End PBXBuildFile section */

/* Begin PBXFileReference section */
		C374265A180BE76F00F24E01 /* NewTarot.app */ = {isa = PBXFileReference; explicitFileType = wrapper.application; includeInIndex = 0; path = NewTarot.app; sourceTree = BUILT_PRODUCTS_DIR; };
		C374265E180BE76F00F24E01 /* QuartzCore.framework */ = {isa = PBXFileReference; lastKnownFileType = wrapper.framework; name = QuartzCore.framework; path = System/Library/Frameworks/QuartzCore.framework; sourceTree = SDKROOT; };
		C3742660180BE76F00F24E01 /* OpenGLES.framework */ = {isa = PBXFileReference; lastKnownFileType = wrapper.framework; name = OpenGLES.framework; path = System/Library/Frameworks/OpenGLES.framework; sourceTree = SDKROOT; };
		C3742662180BE76F00F24E01 /* OpenAL.framework */ = {isa = PBXFileReference; lastKnownFileType = wrapper.framework; name = OpenAL.framework; path = System/Library/Frameworks/OpenAL.framework; sourceTree = SDKROOT; };
		C3742664180BE76F00F24E01 /* AudioToolbox.framework */ = {isa = PBXFileReference; lastKnownFileType = wrapper.framework; name = AudioToolbox.framework; path = System/Library/Frameworks/AudioToolbox.framework; sourceTree = SDKROOT; };
		C3742666180BE76F00F24E01 /* AVFoundation.framework */ = {isa = PBXFileReference; lastKnownFileType = wrapper.framework; name = AVFoundation.framework; path = System/Library/Frameworks/AVFoundation.framework; sourceTree = SDKROOT; };
		C3742668180BE76F00F24E01 /* UIKit.framework */ = {isa = PBXFileReference; lastKnownFileType = wrapper.framework; name = UIKit.framework; path = System/Library/Frameworks/UIKit.framework; sourceTree = SDKROOT; };
		C374266A180BE76F00F24E01 /* Foundation.framework */ = {isa = PBXFileReference; lastKnownFileType = wrapper.framework; name = Foundation.framework; path = System/Library/Frameworks/Foundation.framework; sourceTree = SDKROOT; };
		C374266C180BE76F00F24E01 /* CoreGraphics.framework */ = {isa = PBXFileReference; lastKnownFileType = wrapper.framework; name = CoreGraphics.framework; path = System/Library/Frameworks/CoreGraphics.framework; sourceTree = SDKROOT; };
		C374266E180BE76F00F24E01 /* GameKit.framework */ = {isa = PBXFileReference; lastKnownFileType = wrapper.framework; name = GameKit.framework; path = System/Library/Frameworks/GameKit.framework; sourceTree = SDKROOT; };
		C3742672180BE76F00F24E01 /* Default.png */ = {isa = PBXFileReference; lastKnownFileType = image.png; name = Default.png; path = Resources/Default.png; sourceTree = "<group>"; };
		C3742674180BE76F00F24E01 /* Default-Landscape~ipad.png */ = {isa = PBXFileReference; lastKnownFileType = image.png; name = "Default-Landscape~ipad.png"; path = "Resources/Default-Landscape~ipad.png"; sourceTree = "<group>"; };
		C3742676180BE76F00F24E01 /* fps_images.png */ = {isa = PBXFileReference; lastKnownFileType = image.png; name = fps_images.png; path = Resources/fps_images.png; sourceTree = "<group>"; };
		C3742678180BE76F00F24E01 /* fps_images-hd.png */ = {isa = PBXFileReference; lastKnownFileType = image.png; name = "fps_images-hd.png"; path = "Resources/fps_images-hd.png"; sourceTree = "<group>"; };
		C374267A180BE76F00F24E01 /* fps_images-ipadhd.png */ = {isa = PBXFileReference; lastKnownFileType = image.png; name = "fps_images-ipadhd.png"; path = "Resources/fps_images-ipadhd.png"; sourceTree = "<group>"; };
		C374267C180BE76F00F24E01 /* Icon-72.png */ = {isa = PBXFileReference; lastKnownFileType = image.png; name = "Icon-72.png"; path = "Resources/Icon-72.png"; sourceTree = "<group>"; };
		C374267E180BE76F00F24E01 /* Icon-Small-50.png */ = {isa = PBXFileReference; lastKnownFileType = image.png; name = "Icon-Small-50.png"; path = "Resources/Icon-Small-50.png"; sourceTree = "<group>"; };
		C3742680180BE76F00F24E01 /* Icon-Small.png */ = {isa = PBXFileReference; lastKnownFileType = image.png; name = "Icon-Small.png"; path = "Resources/Icon-Small.png"; sourceTree = "<group>"; };
		C3742682180BE76F00F24E01 /* Icon-Small@2x.png */ = {isa = PBXFileReference; lastKnownFileType = image.png; name = "Icon-Small@2x.png"; path = "Resources/Icon-Small@2x.png"; sourceTree = "<group>"; };
		C3742684180BE76F00F24E01 /* Icon.png */ = {isa = PBXFileReference; lastKnownFileType = image.png; name = Icon.png; path = Resources/Icon.png; sourceTree = "<group>"; };
		C3742686180BE76F00F24E01 /* Icon@2x.png */ = {isa = PBXFileReference; lastKnownFileType = image.png; name = "Icon@2x.png"; path = "Resources/Icon@2x.png"; sourceTree = "<group>"; };
		C3742688180BE76F00F24E01 /* Info.plist */ = {isa = PBXFileReference; name = Info.plist; path = Resources/Info.plist; sourceTree = "<group>"; };
		C3742689180BE76F00F24E01 /* iTunesArtwork */ = {isa = PBXFileReference; lastKnownFileType = file; name = iTunesArtwork; path = Resources/iTunesArtwork; sourceTree = "<group>"; };
		C374268D180BE76F00F24E01 /* CCAction.h */ = {isa = PBXFileReference; name = CCAction.h; path = libs/cocos2d/CCAction.h; sourceTree = "<group>"; };
		C374268E180BE76F00F24E01 /* CCAction.m */ = {isa = PBXFileReference; lastKnownFileType = sourcecode.c.objc; name = CCAction.m; path = libs/cocos2d/CCAction.m; sourceTree = "<group>"; };
		C3742690180BE76F00F24E01 /* CCActionCamera.h */ = {isa = PBXFileReference; name = CCActionCamera.h; path = libs/cocos2d/CCActionCamera.h; sourceTree = "<group>"; };
		C3742691180BE76F00F24E01 /* CCActionCamera.m */ = {isa = PBXFileReference; lastKnownFileType = sourcecode.c.objc; name = CCActionCamera.m; path = libs/cocos2d/CCActionCamera.m; sourceTree = "<group>"; };
		C3742693180BE77000F24E01 /* CCActionCatmullRom.h */ = {isa = PBXFileReference; name = CCActionCatmullRom.h; path = libs/cocos2d/CCActionCatmullRom.h; sourceTree = "<group>"; };
		C3742694180BE77000F24E01 /* CCActionCatmullRom.m */ = {isa = PBXFileReference; lastKnownFileType = sourcecode.c.objc; name = CCActionCatmullRom.m; path = libs/cocos2d/CCActionCatmullRom.m; sourceTree = "<group>"; };
		C3742696180BE77000F24E01 /* CCActionEase.h */ = {isa = PBXFileReference; name = CCActionEase.h; path = libs/cocos2d/CCActionEase.h; sourceTree = "<group>"; };
		C3742697180BE77000F24E01 /* CCActionEase.m */ = {isa = PBXFileReference; lastKnownFileType = sourcecode.c.objc; name = CCActionEase.m; path = libs/cocos2d/CCActionEase.m; sourceTree = "<group>"; };
		C3742699180BE77000F24E01 /* CCActionGrid.h */ = {isa = PBXFileReference; name = CCActionGrid.h; path = libs/cocos2d/CCActionGrid.h; sourceTree = "<group>"; };
		C374269A180BE77000F24E01 /* CCActionGrid.m */ = {isa = PBXFileReference; lastKnownFileType = sourcecode.c.objc; name = CCActionGrid.m; path = libs/cocos2d/CCActionGrid.m; sourceTree = "<group>"; };
		C374269C180BE77000F24E01 /* CCActionGrid3D.h */ = {isa = PBXFileReference; name = CCActionGrid3D.h; path = libs/cocos2d/CCActionGrid3D.h; sourceTree = "<group>"; };
		C374269D180BE77000F24E01 /* CCActionGrid3D.m */ = {isa = PBXFileReference; lastKnownFileType = sourcecode.c.objc; name = CCActionGrid3D.m; path = libs/cocos2d/CCActionGrid3D.m; sourceTree = "<group>"; };
		C374269F180BE77000F24E01 /* CCActionInstant.h */ = {isa = PBXFileReference; name = CCActionInstant.h; path = libs/cocos2d/CCActionInstant.h; sourceTree = "<group>"; };
		C37426A0180BE77000F24E01 /* CCActionInstant.m */ = {isa = PBXFileReference; lastKnownFileType = sourcecode.c.objc; name = CCActionInstant.m; path = libs/cocos2d/CCActionInstant.m; sourceTree = "<group>"; };
		C37426A2180BE77000F24E01 /* CCActionInterval.h */ = {isa = PBXFileReference; name = CCActionInterval.h; path = libs/cocos2d/CCActionInterval.h; sourceTree = "<group>"; };
		C37426A3180BE77000F24E01 /* CCActionInterval.m */ = {isa = PBXFileReference; lastKnownFileType = sourcecode.c.objc; name = CCActionInterval.m; path = libs/cocos2d/CCActionInterval.m; sourceTree = "<group>"; };
		C37426A5180BE77000F24E01 /* CCActionManager.h */ = {isa = PBXFileReference; name = CCActionManager.h; path = libs/cocos2d/CCActionManager.h; sourceTree = "<group>"; };
		C37426A6180BE77000F24E01 /* CCActionManager.m */ = {isa = PBXFileReference; lastKnownFileType = sourcecode.c.objc; name = CCActionManager.m; path = libs/cocos2d/CCActionManager.m; sourceTree = "<group>"; };
		C37426A8180BE77000F24E01 /* CCActionPageTurn3D.h */ = {isa = PBXFileReference; name = CCActionPageTurn3D.h; path = libs/cocos2d/CCActionPageTurn3D.h; sourceTree = "<group>"; };
		C37426A9180BE77000F24E01 /* CCActionPageTurn3D.m */ = {isa = PBXFileReference; lastKnownFileType = sourcecode.c.objc; name = CCActionPageTurn3D.m; path = libs/cocos2d/CCActionPageTurn3D.m; sourceTree = "<group>"; };
		C37426AB180BE77000F24E01 /* CCActionProgressTimer.h */ = {isa = PBXFileReference; name = CCActionProgressTimer.h; path = libs/cocos2d/CCActionProgressTimer.h; sourceTree = "<group>"; };
		C37426AC180BE77000F24E01 /* CCActionProgressTimer.m */ = {isa = PBXFileReference; lastKnownFileType = sourcecode.c.objc; name = CCActionProgressTimer.m; path = libs/cocos2d/CCActionProgressTimer.m; sourceTree = "<group>"; };
		C37426AE180BE77000F24E01 /* CCActionTiledGrid.h */ = {isa = PBXFileReference; name = CCActionTiledGrid.h; path = libs/cocos2d/CCActionTiledGrid.h; sourceTree = "<group>"; };
		C37426AF180BE77000F24E01 /* CCActionTiledGrid.m */ = {isa = PBXFileReference; lastKnownFileType = sourcecode.c.objc; name = CCActionTiledGrid.m; path = libs/cocos2d/CCActionTiledGrid.m; sourceTree = "<group>"; };
		C37426B1180BE77000F24E01 /* CCActionTween.h */ = {isa = PBXFileReference; name = CCActionTween.h; path = libs/cocos2d/CCActionTween.h; sourceTree = "<group>"; };
		C37426B2180BE77000F24E01 /* CCActionTween.m */ = {isa = PBXFileReference; lastKnownFileType = sourcecode.c.objc; name = CCActionTween.m; path = libs/cocos2d/CCActionTween.m; sourceTree = "<group>"; };
		C37426B4180BE77000F24E01 /* CCAnimation.h */ = {isa = PBXFileReference; name = CCAnimation.h; path = libs/cocos2d/CCAnimation.h; sourceTree = "<group>"; };
		C37426B5180BE77000F24E01 /* CCAnimation.m */ = {isa = PBXFileReference; lastKnownFileType = sourcecode.c.objc; name = CCAnimation.m; path = libs/cocos2d/CCAnimation.m; sourceTree = "<group>"; };
		C37426B7180BE77000F24E01 /* CCAnimationCache.h */ = {isa = PBXFileReference; name = CCAnimationCache.h; path = libs/cocos2d/CCAnimationCache.h; sourceTree = "<group>"; };
		C37426B8180BE77000F24E01 /* CCAnimationCache.m */ = {isa = PBXFileReference; lastKnownFileType = sourcecode.c.objc; name = CCAnimationCache.m; path = libs/cocos2d/CCAnimationCache.m; sourceTree = "<group>"; };
		C37426BA180BE77000F24E01 /* CCAtlasNode.h */ = {isa = PBXFileReference; name = CCAtlasNode.h; path = libs/cocos2d/CCAtlasNode.h; sourceTree = "<group>"; };
		C37426BB180BE77000F24E01 /* CCAtlasNode.m */ = {isa = PBXFileReference; lastKnownFileType = sourcecode.c.objc; name = CCAtlasNode.m; path = libs/cocos2d/CCAtlasNode.m; sourceTree = "<group>"; };
		C37426BD180BE77000F24E01 /* CCCamera.h */ = {isa = PBXFileReference; name = CCCamera.h; path = libs/cocos2d/CCCamera.h; sourceTree = "<group>"; };
		C37426BE180BE77000F24E01 /* CCCamera.m */ = {isa = PBXFileReference; lastKnownFileType = sourcecode.c.objc; name = CCCamera.m; path = libs/cocos2d/CCCamera.m; sourceTree = "<group>"; };
		C37426C0180BE77000F24E01 /* ccConfig.h */ = {isa = PBXFileReference; name = ccConfig.h; path = libs/cocos2d/ccConfig.h; sourceTree = "<group>"; };
		C37426C1180BE77000F24E01 /* CCConfiguration.h */ = {isa = PBXFileReference; name = CCConfiguration.h; path = libs/cocos2d/CCConfiguration.h; sourceTree = "<group>"; };
		C37426C2180BE77000F24E01 /* CCConfiguration.m */ = {isa = PBXFileReference; lastKnownFileType = sourcecode.c.objc; name = CCConfiguration.m; path = libs/cocos2d/CCConfiguration.m; sourceTree = "<group>"; };
		C37426C4180BE77000F24E01 /* ccDeprecated.h */ = {isa = PBXFileReference; name = ccDeprecated.h; path = libs/cocos2d/ccDeprecated.h; sourceTree = "<group>"; };
		C37426C5180BE77000F24E01 /* ccDeprecated.m */ = {isa = PBXFileReference; lastKnownFileType = sourcecode.c.objc; name = ccDeprecated.m; path = libs/cocos2d/ccDeprecated.m; sourceTree = "<group>"; };
		C37426C7180BE77000F24E01 /* CCDirector.h */ = {isa = PBXFileReference; name = CCDirector.h; path = libs/cocos2d/CCDirector.h; sourceTree = "<group>"; };
		C37426C8180BE77000F24E01 /* CCDirector.m */ = {isa = PBXFileReference; lastKnownFileType = sourcecode.c.objc; name = CCDirector.m; path = libs/cocos2d/CCDirector.m; sourceTree = "<group>"; };
		C37426CA180BE77000F24E01 /* CCDrawingPrimitives.h */ = {isa = PBXFileReference; name = CCDrawingPrimitives.h; path = libs/cocos2d/CCDrawingPrimitives.h; sourceTree = "<group>"; };
		C37426CB180BE77000F24E01 /* CCDrawingPrimitives.m */ = {isa = PBXFileReference; lastKnownFileType = sourcecode.c.objc; name = CCDrawingPrimitives.m; path = libs/cocos2d/CCDrawingPrimitives.m; sourceTree = "<group>"; };
		C37426CD180BE77000F24E01 /* CCGLProgram.h */ = {isa = PBXFileReference; name = CCGLProgram.h; path = libs/cocos2d/CCGLProgram.h; sourceTree = "<group>"; };
		C37426CE180BE77000F24E01 /* CCGLProgram.m */ = {isa = PBXFileReference; lastKnownFileType = sourcecode.c.objc; name = CCGLProgram.m; path = libs/cocos2d/CCGLProgram.m; sourceTree = "<group>"; };
		C37426D0180BE77000F24E01 /* ccGLStateCache.h */ = {isa = PBXFileReference; name = ccGLStateCache.h; path = libs/cocos2d/ccGLStateCache.h; sourceTree = "<group>"; };
		C37426D1180BE77000F24E01 /* ccGLStateCache.m */ = {isa = PBXFileReference; lastKnownFileType = sourcecode.c.objc; name = ccGLStateCache.m; path = libs/cocos2d/ccGLStateCache.m; sourceTree = "<group>"; };
		C37426D3180BE77000F24E01 /* CCGrabber.h */ = {isa = PBXFileReference; name = CCGrabber.h; path = libs/cocos2d/CCGrabber.h; sourceTree = "<group>"; };
		C37426D4180BE77000F24E01 /* CCGrabber.m */ = {isa = PBXFileReference; lastKnownFileType = sourcecode.c.objc; name = CCGrabber.m; path = libs/cocos2d/CCGrabber.m; sourceTree = "<group>"; };
		C37426D6180BE77000F24E01 /* CCGrid.h */ = {isa = PBXFileReference; name = CCGrid.h; path = libs/cocos2d/CCGrid.h; sourceTree = "<group>"; };
		C37426D7180BE77000F24E01 /* CCGrid.m */ = {isa = PBXFileReference; lastKnownFileType = sourcecode.c.objc; name = CCGrid.m; path = libs/cocos2d/CCGrid.m; sourceTree = "<group>"; };
		C37426D9180BE77000F24E01 /* CCLabelAtlas.h */ = {isa = PBXFileReference; name = CCLabelAtlas.h; path = libs/cocos2d/CCLabelAtlas.h; sourceTree = "<group>"; };
		C37426DA180BE77000F24E01 /* CCLabelAtlas.m */ = {isa = PBXFileReference; lastKnownFileType = sourcecode.c.objc; name = CCLabelAtlas.m; path = libs/cocos2d/CCLabelAtlas.m; sourceTree = "<group>"; };
		C37426DC180BE77000F24E01 /* CCLabelBMFont.h */ = {isa = PBXFileReference; name = CCLabelBMFont.h; path = libs/cocos2d/CCLabelBMFont.h; sourceTree = "<group>"; };
		C37426DD180BE77000F24E01 /* CCLabelBMFont.m */ = {isa = PBXFileReference; lastKnownFileType = sourcecode.c.objc; name = CCLabelBMFont.m; path = libs/cocos2d/CCLabelBMFont.m; sourceTree = "<group>"; };
		C37426DF180BE77000F24E01 /* CCLabelTTF.h */ = {isa = PBXFileReference; name = CCLabelTTF.h; path = libs/cocos2d/CCLabelTTF.h; sourceTree = "<group>"; };
		C37426E0180BE77000F24E01 /* CCLabelTTF.m */ = {isa = PBXFileReference; lastKnownFileType = sourcecode.c.objc; name = CCLabelTTF.m; path = libs/cocos2d/CCLabelTTF.m; sourceTree = "<group>"; };
		C37426E2180BE77000F24E01 /* CCLayer.h */ = {isa = PBXFileReference; name = CCLayer.h; path = libs/cocos2d/CCLayer.h; sourceTree = "<group>"; };
		C37426E3180BE77000F24E01 /* CCLayer.m */ = {isa = PBXFileReference; lastKnownFileType = sourcecode.c.objc; name = CCLayer.m; path = libs/cocos2d/CCLayer.m; sourceTree = "<group>"; };
		C37426E5180BE77000F24E01 /* ccMacros.h */ = {isa = PBXFileReference; name = ccMacros.h; path = libs/cocos2d/ccMacros.h; sourceTree = "<group>"; };
		C37426E6180BE77000F24E01 /* CCMenu.h */ = {isa = PBXFileReference; name = CCMenu.h; path = libs/cocos2d/CCMenu.h; sourceTree = "<group>"; };
		C37426E7180BE77000F24E01 /* CCMenu.m */ = {isa = PBXFileReference; lastKnownFileType = sourcecode.c.objc; name = CCMenu.m; path = libs/cocos2d/CCMenu.m; sourceTree = "<group>"; };
		C37426E9180BE77000F24E01 /* CCMenuItem.h */ = {isa = PBXFileReference; name = CCMenuItem.h; path = libs/cocos2d/CCMenuItem.h; sourceTree = "<group>"; };
		C37426EA180BE77000F24E01 /* CCMenuItem.m */ = {isa = PBXFileReference; lastKnownFileType = sourcecode.c.objc; name = CCMenuItem.m; path = libs/cocos2d/CCMenuItem.m; sourceTree = "<group>"; };
		C37426EC180BE77000F24E01 /* CCMotionStreak.h */ = {isa = PBXFileReference; name = CCMotionStreak.h; path = libs/cocos2d/CCMotionStreak.h; sourceTree = "<group>"; };
		C37426ED180BE77000F24E01 /* CCMotionStreak.m */ = {isa = PBXFileReference; lastKnownFileType = sourcecode.c.objc; name = CCMotionStreak.m; path = libs/cocos2d/CCMotionStreak.m; sourceTree = "<group>"; };
		C37426EF180BE77000F24E01 /* CCNode+Debug.h */ = {isa = PBXFileReference; name = "CCNode+Debug.h"; path = "libs/cocos2d/CCNode+Debug.h"; sourceTree = "<group>"; };
		C37426F0180BE77000F24E01 /* CCNode+Debug.m */ = {isa = PBXFileReference; lastKnownFileType = sourcecode.c.objc; name = "CCNode+Debug.m"; path = "libs/cocos2d/CCNode+Debug.m"; sourceTree = "<group>"; };
		C37426F2180BE77000F24E01 /* CCNode.h */ = {isa = PBXFileReference; name = CCNode.h; path = libs/cocos2d/CCNode.h; sourceTree = "<group>"; };
		C37426F3180BE77000F24E01 /* CCNode.m */ = {isa = PBXFileReference; lastKnownFileType = sourcecode.c.objc; name = CCNode.m; path = libs/cocos2d/CCNode.m; sourceTree = "<group>"; };
		C37426F5180BE77000F24E01 /* CCParallaxNode.h */ = {isa = PBXFileReference; name = CCParallaxNode.h; path = libs/cocos2d/CCParallaxNode.h; sourceTree = "<group>"; };
		C37426F6180BE77000F24E01 /* CCParallaxNode.m */ = {isa = PBXFileReference; lastKnownFileType = sourcecode.c.objc; name = CCParallaxNode.m; path = libs/cocos2d/CCParallaxNode.m; sourceTree = "<group>"; };
		C37426F8180BE77000F24E01 /* CCParticleBatchNode.h */ = {isa = PBXFileReference; name = CCParticleBatchNode.h; path = libs/cocos2d/CCParticleBatchNode.h; sourceTree = "<group>"; };
		C37426F9180BE77000F24E01 /* CCParticleBatchNode.m */ = {isa = PBXFileReference; lastKnownFileType = sourcecode.c.objc; name = CCParticleBatchNode.m; path = libs/cocos2d/CCParticleBatchNode.m; sourceTree = "<group>"; };
		C37426FB180BE77000F24E01 /* CCParticleExamples.h */ = {isa = PBXFileReference; name = CCParticleExamples.h; path = libs/cocos2d/CCParticleExamples.h; sourceTree = "<group>"; };
		C37426FC180BE77000F24E01 /* CCParticleExamples.m */ = {isa = PBXFileReference; lastKnownFileType = sourcecode.c.objc; name = CCParticleExamples.m; path = libs/cocos2d/CCParticleExamples.m; sourceTree = "<group>"; };
		C37426FE180BE77000F24E01 /* CCParticleSystem.h */ = {isa = PBXFileReference; name = CCParticleSystem.h; path = libs/cocos2d/CCParticleSystem.h; sourceTree = "<group>"; };
		C37426FF180BE77000F24E01 /* CCParticleSystem.m */ = {isa = PBXFileReference; lastKnownFileType = sourcecode.c.objc; name = CCParticleSystem.m; path = libs/cocos2d/CCParticleSystem.m; sourceTree = "<group>"; };
		C3742701180BE77000F24E01 /* CCParticleSystemQuad.h */ = {isa = PBXFileReference; name = CCParticleSystemQuad.h; path = libs/cocos2d/CCParticleSystemQuad.h; sourceTree = "<group>"; };
		C3742702180BE77000F24E01 /* CCParticleSystemQuad.m */ = {isa = PBXFileReference; lastKnownFileType = sourcecode.c.objc; name = CCParticleSystemQuad.m; path = libs/cocos2d/CCParticleSystemQuad.m; sourceTree = "<group>"; };
		C3742704180BE77000F24E01 /* CCProgressTimer.h */ = {isa = PBXFileReference; name = CCProgressTimer.h; path = libs/cocos2d/CCProgressTimer.h; sourceTree = "<group>"; };
		C3742705180BE77000F24E01 /* CCProgressTimer.m */ = {isa = PBXFileReference; lastKnownFileType = sourcecode.c.objc; name = CCProgressTimer.m; path = libs/cocos2d/CCProgressTimer.m; sourceTree = "<group>"; };
		C3742707180BE77000F24E01 /* CCProtocols.h */ = {isa = PBXFileReference; name = CCProtocols.h; path = libs/cocos2d/CCProtocols.h; sourceTree = "<group>"; };
		C3742708180BE77000F24E01 /* CCRenderTexture.h */ = {isa = PBXFileReference; name = CCRenderTexture.h; path = libs/cocos2d/CCRenderTexture.h; sourceTree = "<group>"; };
		C3742709180BE77000F24E01 /* CCRenderTexture.m */ = {isa = PBXFileReference; lastKnownFileType = sourcecode.c.objc; name = CCRenderTexture.m; path = libs/cocos2d/CCRenderTexture.m; sourceTree = "<group>"; };
		C374270B180BE77000F24E01 /* CCScene.h */ = {isa = PBXFileReference; name = CCScene.h; path = libs/cocos2d/CCScene.h; sourceTree = "<group>"; };
		C374270C180BE77000F24E01 /* CCScene.m */ = {isa = PBXFileReference; lastKnownFileType = sourcecode.c.objc; name = CCScene.m; path = libs/cocos2d/CCScene.m; sourceTree = "<group>"; };
		C374270E180BE77000F24E01 /* CCScheduler.h */ = {isa = PBXFileReference; name = CCScheduler.h; path = libs/cocos2d/CCScheduler.h; sourceTree = "<group>"; };
		C374270F180BE77000F24E01 /* CCScheduler.m */ = {isa = PBXFileReference; lastKnownFileType = sourcecode.c.objc; name = CCScheduler.m; path = libs/cocos2d/CCScheduler.m; sourceTree = "<group>"; };
		C3742711180BE77000F24E01 /* ccShader_Position_uColor_frag.h */ = {isa = PBXFileReference; name = ccShader_Position_uColor_frag.h; path = libs/cocos2d/ccShader_Position_uColor_frag.h; sourceTree = "<group>"; };
		C3742712180BE77000F24E01 /* ccShader_Position_uColor_vert.h */ = {isa = PBXFileReference; name = ccShader_Position_uColor_vert.h; path = libs/cocos2d/ccShader_Position_uColor_vert.h; sourceTree = "<group>"; };
		C3742713180BE77000F24E01 /* ccShader_PositionColor_frag.h */ = {isa = PBXFileReference; name = ccShader_PositionColor_frag.h; path = libs/cocos2d/ccShader_PositionColor_frag.h; sourceTree = "<group>"; };
		C3742714180BE77000F24E01 /* ccShader_PositionColor_vert.h */ = {isa = PBXFileReference; name = ccShader_PositionColor_vert.h; path = libs/cocos2d/ccShader_PositionColor_vert.h; sourceTree = "<group>"; };
		C3742715180BE77000F24E01 /* ccShader_PositionTexture_frag.h */ = {isa = PBXFileReference; name = ccShader_PositionTexture_frag.h; path = libs/cocos2d/ccShader_PositionTexture_frag.h; sourceTree = "<group>"; };
		C3742716180BE77000F24E01 /* ccShader_PositionTexture_uColor_frag.h */ = {isa = PBXFileReference; name = ccShader_PositionTexture_uColor_frag.h; path = libs/cocos2d/ccShader_PositionTexture_uColor_frag.h; sourceTree = "<group>"; };
		C3742717180BE77000F24E01 /* ccShader_PositionTexture_uColor_vert.h */ = {isa = PBXFileReference; name = ccShader_PositionTexture_uColor_vert.h; path = libs/cocos2d/ccShader_PositionTexture_uColor_vert.h; sourceTree = "<group>"; };
		C3742718180BE77000F24E01 /* ccShader_PositionTexture_vert.h */ = {isa = PBXFileReference; name = ccShader_PositionTexture_vert.h; path = libs/cocos2d/ccShader_PositionTexture_vert.h; sourceTree = "<group>"; };
		C3742719180BE77000F24E01 /* ccShader_PositionTextureA8Color_frag.h */ = {isa = PBXFileReference; name = ccShader_PositionTextureA8Color_frag.h; path = libs/cocos2d/ccShader_PositionTextureA8Color_frag.h; sourceTree = "<group>"; };
		C374271A180BE77000F24E01 /* ccShader_PositionTextureA8Color_vert.h */ = {isa = PBXFileReference; name = ccShader_PositionTextureA8Color_vert.h; path = libs/cocos2d/ccShader_PositionTextureA8Color_vert.h; sourceTree = "<group>"; };
		C374271B180BE77000F24E01 /* ccShader_PositionTextureColor_frag.h */ = {isa = PBXFileReference; name = ccShader_PositionTextureColor_frag.h; path = libs/cocos2d/ccShader_PositionTextureColor_frag.h; sourceTree = "<group>"; };
		C374271C180BE77000F24E01 /* ccShader_PositionTextureColor_vert.h */ = {isa = PBXFileReference; name = ccShader_PositionTextureColor_vert.h; path = libs/cocos2d/ccShader_PositionTextureColor_vert.h; sourceTree = "<group>"; };
		C374271D180BE77100F24E01 /* ccShader_PositionTextureColorAlphaTest_frag.h */ = {isa = PBXFileReference; name = ccShader_PositionTextureColorAlphaTest_frag.h; path = libs/cocos2d/ccShader_PositionTextureColorAlphaTest_frag.h; sourceTree = "<group>"; };
		C374271E180BE77100F24E01 /* CCShaderCache.h */ = {isa = PBXFileReference; name = CCShaderCache.h; path = libs/cocos2d/CCShaderCache.h; sourceTree = "<group>"; };
		C374271F180BE77100F24E01 /* CCShaderCache.m */ = {isa = PBXFileReference; lastKnownFileType = sourcecode.c.objc; name = CCShaderCache.m; path = libs/cocos2d/CCShaderCache.m; sourceTree = "<group>"; };
		C3742721180BE77100F24E01 /* ccShaders.h */ = {isa = PBXFileReference; name = ccShaders.h; path = libs/cocos2d/ccShaders.h; sourceTree = "<group>"; };
		C3742722180BE77100F24E01 /* ccShaders.m */ = {isa = PBXFileReference; lastKnownFileType = sourcecode.c.objc; name = ccShaders.m; path = libs/cocos2d/ccShaders.m; sourceTree = "<group>"; };
		C3742724180BE77100F24E01 /* CCSprite.h */ = {isa = PBXFileReference; name = CCSprite.h; path = libs/cocos2d/CCSprite.h; sourceTree = "<group>"; };
		C3742725180BE77100F24E01 /* CCSprite.m */ = {isa = PBXFileReference; lastKnownFileType = sourcecode.c.objc; name = CCSprite.m; path = libs/cocos2d/CCSprite.m; sourceTree = "<group>"; };
		C3742727180BE77100F24E01 /* CCSpriteBatchNode.h */ = {isa = PBXFileReference; name = CCSpriteBatchNode.h; path = libs/cocos2d/CCSpriteBatchNode.h; sourceTree = "<group>"; };
		C3742728180BE77100F24E01 /* CCSpriteBatchNode.m */ = {isa = PBXFileReference; lastKnownFileType = sourcecode.c.objc; name = CCSpriteBatchNode.m; path = libs/cocos2d/CCSpriteBatchNode.m; sourceTree = "<group>"; };
		C374272A180BE77100F24E01 /* CCSpriteFrame.h */ = {isa = PBXFileReference; name = CCSpriteFrame.h; path = libs/cocos2d/CCSpriteFrame.h; sourceTree = "<group>"; };
		C374272B180BE77100F24E01 /* CCSpriteFrame.m */ = {isa = PBXFileReference; lastKnownFileType = sourcecode.c.objc; name = CCSpriteFrame.m; path = libs/cocos2d/CCSpriteFrame.m; sourceTree = "<group>"; };
		C374272D180BE77100F24E01 /* CCSpriteFrameCache.h */ = {isa = PBXFileReference; name = CCSpriteFrameCache.h; path = libs/cocos2d/CCSpriteFrameCache.h; sourceTree = "<group>"; };
		C374272E180BE77100F24E01 /* CCSpriteFrameCache.m */ = {isa = PBXFileReference; lastKnownFileType = sourcecode.c.objc; name = CCSpriteFrameCache.m; path = libs/cocos2d/CCSpriteFrameCache.m; sourceTree = "<group>"; };
		C3742730180BE77100F24E01 /* CCTexture2D.h */ = {isa = PBXFileReference; name = CCTexture2D.h; path = libs/cocos2d/CCTexture2D.h; sourceTree = "<group>"; };
		C3742731180BE77100F24E01 /* CCTexture2D.m */ = {isa = PBXFileReference; lastKnownFileType = sourcecode.c.objc; name = CCTexture2D.m; path = libs/cocos2d/CCTexture2D.m; sourceTree = "<group>"; };
		C3742733180BE77100F24E01 /* CCTextureAtlas.h */ = {isa = PBXFileReference; name = CCTextureAtlas.h; path = libs/cocos2d/CCTextureAtlas.h; sourceTree = "<group>"; };
		C3742734180BE77100F24E01 /* CCTextureAtlas.m */ = {isa = PBXFileReference; lastKnownFileType = sourcecode.c.objc; name = CCTextureAtlas.m; path = libs/cocos2d/CCTextureAtlas.m; sourceTree = "<group>"; };
		C3742736180BE77100F24E01 /* CCTextureCache.h */ = {isa = PBXFileReference; name = CCTextureCache.h; path = libs/cocos2d/CCTextureCache.h; sourceTree = "<group>"; };
		C3742737180BE77100F24E01 /* CCTextureCache.m */ = {isa = PBXFileReference; lastKnownFileType = sourcecode.c.objc; name = CCTextureCache.m; path = libs/cocos2d/CCTextureCache.m; sourceTree = "<group>"; };
		C3742739180BE77100F24E01 /* CCTexturePVR.h */ = {isa = PBXFileReference; name = CCTexturePVR.h; path = libs/cocos2d/CCTexturePVR.h; sourceTree = "<group>"; };
		C374273A180BE77100F24E01 /* CCTexturePVR.m */ = {isa = PBXFileReference; lastKnownFileType = sourcecode.c.objc; name = CCTexturePVR.m; path = libs/cocos2d/CCTexturePVR.m; sourceTree = "<group>"; };
		C374273C180BE77100F24E01 /* CCTileMapAtlas.h */ = {isa = PBXFileReference; name = CCTileMapAtlas.h; path = libs/cocos2d/CCTileMapAtlas.h; sourceTree = "<group>"; };
		C374273D180BE77100F24E01 /* CCTileMapAtlas.m */ = {isa = PBXFileReference; lastKnownFileType = sourcecode.c.objc; name = CCTileMapAtlas.m; path = libs/cocos2d/CCTileMapAtlas.m; sourceTree = "<group>"; };
		C374273F180BE77100F24E01 /* CCTMXLayer.h */ = {isa = PBXFileReference; name = CCTMXLayer.h; path = libs/cocos2d/CCTMXLayer.h; sourceTree = "<group>"; };
		C3742740180BE77100F24E01 /* CCTMXLayer.m */ = {isa = PBXFileReference; lastKnownFileType = sourcecode.c.objc; name = CCTMXLayer.m; path = libs/cocos2d/CCTMXLayer.m; sourceTree = "<group>"; };
		C3742742180BE77100F24E01 /* CCTMXObjectGroup.h */ = {isa = PBXFileReference; name = CCTMXObjectGroup.h; path = libs/cocos2d/CCTMXObjectGroup.h; sourceTree = "<group>"; };
		C3742743180BE77100F24E01 /* CCTMXObjectGroup.m */ = {isa = PBXFileReference; lastKnownFileType = sourcecode.c.objc; name = CCTMXObjectGroup.m; path = libs/cocos2d/CCTMXObjectGroup.m; sourceTree = "<group>"; };
		C3742745180BE77100F24E01 /* CCTMXTiledMap.h */ = {isa = PBXFileReference; name = CCTMXTiledMap.h; path = libs/cocos2d/CCTMXTiledMap.h; sourceTree = "<group>"; };
		C3742746180BE77100F24E01 /* CCTMXTiledMap.m */ = {isa = PBXFileReference; lastKnownFileType = sourcecode.c.objc; name = CCTMXTiledMap.m; path = libs/cocos2d/CCTMXTiledMap.m; sourceTree = "<group>"; };
		C3742748180BE77100F24E01 /* CCTMXXMLParser.h */ = {isa = PBXFileReference; name = CCTMXXMLParser.h; path = libs/cocos2d/CCTMXXMLParser.h; sourceTree = "<group>"; };
		C3742749180BE77100F24E01 /* CCTMXXMLParser.m */ = {isa = PBXFileReference; lastKnownFileType = sourcecode.c.objc; name = CCTMXXMLParser.m; path = libs/cocos2d/CCTMXXMLParser.m; sourceTree = "<group>"; };
		C374274B180BE77100F24E01 /* CCTransition.h */ = {isa = PBXFileReference; name = CCTransition.h; path = libs/cocos2d/CCTransition.h; sourceTree = "<group>"; };
		C374274C180BE77100F24E01 /* CCTransition.m */ = {isa = PBXFileReference; lastKnownFileType = sourcecode.c.objc; name = CCTransition.m; path = libs/cocos2d/CCTransition.m; sourceTree = "<group>"; };
		C374274E180BE77100F24E01 /* CCTransitionPageTurn.h */ = {isa = PBXFileReference; name = CCTransitionPageTurn.h; path = libs/cocos2d/CCTransitionPageTurn.h; sourceTree = "<group>"; };
		C374274F180BE77100F24E01 /* CCTransitionPageTurn.m */ = {isa = PBXFileReference; lastKnownFileType = sourcecode.c.objc; name = CCTransitionPageTurn.m; path = libs/cocos2d/CCTransitionPageTurn.m; sourceTree = "<group>"; };
		C3742751180BE77100F24E01 /* CCTransitionProgress.h */ = {isa = PBXFileReference; name = CCTransitionProgress.h; path = libs/cocos2d/CCTransitionProgress.h; sourceTree = "<group>"; };
		C3742752180BE77100F24E01 /* CCTransitionProgress.m */ = {isa = PBXFileReference; lastKnownFileType = sourcecode.c.objc; name = CCTransitionProgress.m; path = libs/cocos2d/CCTransitionProgress.m; sourceTree = "<group>"; };
		C3742754180BE77100F24E01 /* ccTypes.h */ = {isa = PBXFileReference; name = ccTypes.h; path = libs/cocos2d/ccTypes.h; sourceTree = "<group>"; };
		C3742755180BE77100F24E01 /* cocos2d.h */ = {isa = PBXFileReference; name = cocos2d.h; path = libs/cocos2d/cocos2d.h; sourceTree = "<group>"; };
		C3742756180BE77100F24E01 /* cocos2d.m */ = {isa = PBXFileReference; lastKnownFileType = sourcecode.c.objc; name = cocos2d.m; path = libs/cocos2d/cocos2d.m; sourceTree = "<group>"; };
		C3742759180BE77100F24E01 /* CCGL.h */ = {isa = PBXFileReference; name = CCGL.h; path = libs/cocos2d/Platforms/CCGL.h; sourceTree = "<group>"; };
		C374275A180BE77100F24E01 /* CCNS.h */ = {isa = PBXFileReference; name = CCNS.h; path = libs/cocos2d/Platforms/CCNS.h; sourceTree = "<group>"; };
		C374275C180BE77100F24E01 /* CCDirectorIOS.h */ = {isa = PBXFileReference; name = CCDirectorIOS.h; path = libs/cocos2d/Platforms/iOS/CCDirectorIOS.h; sourceTree = "<group>"; };
		C374275D180BE77100F24E01 /* CCDirectorIOS.m */ = {isa = PBXFileReference; lastKnownFileType = sourcecode.c.objc; name = CCDirectorIOS.m; path = libs/cocos2d/Platforms/iOS/CCDirectorIOS.m; sourceTree = "<group>"; };
		C374275F180BE77100F24E01 /* CCES2Renderer.h */ = {isa = PBXFileReference; name = CCES2Renderer.h; path = libs/cocos2d/Platforms/iOS/CCES2Renderer.h; sourceTree = "<group>"; };
		C3742760180BE77100F24E01 /* CCES2Renderer.m */ = {isa = PBXFileReference; lastKnownFileType = sourcecode.c.objc; name = CCES2Renderer.m; path = libs/cocos2d/Platforms/iOS/CCES2Renderer.m; sourceTree = "<group>"; };
		C3742762180BE77100F24E01 /* CCESRenderer.h */ = {isa = PBXFileReference; name = CCESRenderer.h; path = libs/cocos2d/Platforms/iOS/CCESRenderer.h; sourceTree = "<group>"; };
		C3742763180BE77100F24E01 /* CCGLView.h */ = {isa = PBXFileReference; name = CCGLView.h; path = libs/cocos2d/Platforms/iOS/CCGLView.h; sourceTree = "<group>"; };
		C3742764180BE77100F24E01 /* CCGLView.m */ = {isa = PBXFileReference; lastKnownFileType = sourcecode.c.objc; name = CCGLView.m; path = libs/cocos2d/Platforms/iOS/CCGLView.m; sourceTree = "<group>"; };
		C3742766180BE77100F24E01 /* CCTouchDelegateProtocol.h */ = {isa = PBXFileReference; name = CCTouchDelegateProtocol.h; path = libs/cocos2d/Platforms/iOS/CCTouchDelegateProtocol.h; sourceTree = "<group>"; };
		C3742767180BE77100F24E01 /* CCTouchDispatcher.h */ = {isa = PBXFileReference; name = CCTouchDispatcher.h; path = libs/cocos2d/Platforms/iOS/CCTouchDispatcher.h; sourceTree = "<group>"; };
		C3742768180BE77100F24E01 /* CCTouchDispatcher.m */ = {isa = PBXFileReference; lastKnownFileType = sourcecode.c.objc; name = CCTouchDispatcher.m; path = libs/cocos2d/Platforms/iOS/CCTouchDispatcher.m; sourceTree = "<group>"; };
		C374276A180BE77100F24E01 /* CCTouchHandler.h */ = {isa = PBXFileReference; name = CCTouchHandler.h; path = libs/cocos2d/Platforms/iOS/CCTouchHandler.h; sourceTree = "<group>"; };
		C374276B180BE77100F24E01 /* CCTouchHandler.m */ = {isa = PBXFileReference; lastKnownFileType = sourcecode.c.objc; name = CCTouchHandler.m; path = libs/cocos2d/Platforms/iOS/CCTouchHandler.m; sourceTree = "<group>"; };
		C374276E180BE77100F24E01 /* CCDirectorMac.h */ = {isa = PBXFileReference; name = CCDirectorMac.h; path = libs/cocos2d/Platforms/Mac/CCDirectorMac.h; sourceTree = "<group>"; };
		C374276F180BE77100F24E01 /* CCDirectorMac.m */ = {isa = PBXFileReference; lastKnownFileType = sourcecode.c.objc; name = CCDirectorMac.m; path = libs/cocos2d/Platforms/Mac/CCDirectorMac.m; sourceTree = "<group>"; };
		C3742771180BE77100F24E01 /* CCEventDispatcher.h */ = {isa = PBXFileReference; name = CCEventDispatcher.h; path = libs/cocos2d/Platforms/Mac/CCEventDispatcher.h; sourceTree = "<group>"; };
		C3742772180BE77100F24E01 /* CCEventDispatcher.m */ = {isa = PBXFileReference; lastKnownFileType = sourcecode.c.objc; name = CCEventDispatcher.m; path = libs/cocos2d/Platforms/Mac/CCEventDispatcher.m; sourceTree = "<group>"; };
		C3742774180BE77100F24E01 /* CCGLView.h */ = {isa = PBXFileReference; name = CCGLView.h; path = libs/cocos2d/Platforms/Mac/CCGLView.h; sourceTree = "<group>"; };
		C3742775180BE77100F24E01 /* CCGLView.m */ = {isa = PBXFileReference; lastKnownFileType = sourcecode.c.objc; name = CCGLView.m; path = libs/cocos2d/Platforms/Mac/CCGLView.m; sourceTree = "<group>"; };
		C3742777180BE77100F24E01 /* CCWindow.h */ = {isa = PBXFileReference; name = CCWindow.h; path = libs/cocos2d/Platforms/Mac/CCWindow.h; sourceTree = "<group>"; };
		C3742778180BE77100F24E01 /* CCWindow.m */ = {isa = PBXFileReference; lastKnownFileType = sourcecode.c.objc; name = CCWindow.m; path = libs/cocos2d/Platforms/Mac/CCWindow.m; sourceTree = "<group>"; };
		C374277B180BE77100F24E01 /* base64.c */ = {isa = PBXFileReference; lastKnownFileType = sourcecode.c.c; name = base64.c; path = libs/cocos2d/Support/base64.c; sourceTree = "<group>"; };
		C374277D180BE77100F24E01 /* base64.h */ = {isa = PBXFileReference; name = base64.h; path = libs/cocos2d/Support/base64.h; sourceTree = "<group>"; };
		C374277E180BE77100F24E01 /* CCArray.h */ = {isa = PBXFileReference; name = CCArray.h; path = libs/cocos2d/Support/CCArray.h; sourceTree = "<group>"; };
		C374277F180BE77100F24E01 /* CCArray.m */ = {isa = PBXFileReference; lastKnownFileType = sourcecode.c.objc; name = CCArray.m; path = libs/cocos2d/Support/CCArray.m; sourceTree = "<group>"; };
		C3742781180BE77100F24E01 /* ccCArray.h */ = {isa = PBXFileReference; name = ccCArray.h; path = libs/cocos2d/Support/ccCArray.h; sourceTree = "<group>"; };
		C3742782180BE77100F24E01 /* ccCArray.m */ = {isa = PBXFileReference; lastKnownFileType = sourcecode.c.objc; name = ccCArray.m; path = libs/cocos2d/Support/ccCArray.m; sourceTree = "<group>"; };
		C3742784180BE77100F24E01 /* CCFileUtils.h */ = {isa = PBXFileReference; name = CCFileUtils.h; path = libs/cocos2d/Support/CCFileUtils.h; sourceTree = "<group>"; };
		C3742785180BE77100F24E01 /* CCFileUtils.m */ = {isa = PBXFileReference; lastKnownFileType = sourcecode.c.objc; name = CCFileUtils.m; path = libs/cocos2d/Support/CCFileUtils.m; sourceTree = "<group>"; };
		C3742787180BE77100F24E01 /* CCProfiling.h */ = {isa = PBXFileReference; name = CCProfiling.h; path = libs/cocos2d/Support/CCProfiling.h; sourceTree = "<group>"; };
		C3742788180BE77100F24E01 /* CCProfiling.m */ = {isa = PBXFileReference; lastKnownFileType = sourcecode.c.objc; name = CCProfiling.m; path = libs/cocos2d/Support/CCProfiling.m; sourceTree = "<group>"; };
		C374278A180BE77100F24E01 /* ccUtils.c */ = {isa = PBXFileReference; lastKnownFileType = sourcecode.c.c; name = ccUtils.c; path = libs/cocos2d/Support/ccUtils.c; sourceTree = "<group>"; };
		C374278C180BE77100F24E01 /* ccUtils.h */ = {isa = PBXFileReference; name = ccUtils.h; path = libs/cocos2d/Support/ccUtils.h; sourceTree = "<group>"; };
		C374278D180BE77100F24E01 /* CCVertex.h */ = {isa = PBXFileReference; name = CCVertex.h; path = libs/cocos2d/Support/CCVertex.h; sourceTree = "<group>"; };
		C374278E180BE77100F24E01 /* CCVertex.m */ = {isa = PBXFileReference; lastKnownFileType = sourcecode.c.objc; name = CCVertex.m; path = libs/cocos2d/Support/CCVertex.m; sourceTree = "<group>"; };
		C3742790180BE77100F24E01 /* CGPointExtension.h */ = {isa = PBXFileReference; name = CGPointExtension.h; path = libs/cocos2d/Support/CGPointExtension.h; sourceTree = "<group>"; };
		C3742791180BE77100F24E01 /* CGPointExtension.m */ = {isa = PBXFileReference; lastKnownFileType = sourcecode.c.objc; name = CGPointExtension.m; path = libs/cocos2d/Support/CGPointExtension.m; sourceTree = "<group>"; };
		C3742793180BE77100F24E01 /* NSThread+performBlock.h */ = {isa = PBXFileReference; name = "NSThread+performBlock.h"; path = "libs/cocos2d/Support/NSThread+performBlock.h"; sourceTree = "<group>"; };
		C3742794180BE77100F24E01 /* NSThread+performBlock.m */ = {isa = PBXFileReference; lastKnownFileType = sourcecode.c.objc; name = "NSThread+performBlock.m"; path = "libs/cocos2d/Support/NSThread+performBlock.m"; sourceTree = "<group>"; };
		C3742796180BE77100F24E01 /* OpenGL_Internal.h */ = {isa = PBXFileReference; name = OpenGL_Internal.h; path = libs/cocos2d/Support/OpenGL_Internal.h; sourceTree = "<group>"; };
		C3742797180BE77100F24E01 /* TGAlib.h */ = {isa = PBXFileReference; name = TGAlib.h; path = libs/cocos2d/Support/TGAlib.h; sourceTree = "<group>"; };
		C3742798180BE77100F24E01 /* TGAlib.m */ = {isa = PBXFileReference; lastKnownFileType = sourcecode.c.objc; name = TGAlib.m; path = libs/cocos2d/Support/TGAlib.m; sourceTree = "<group>"; };
		C374279A180BE77100F24E01 /* TransformUtils.h */ = {isa = PBXFileReference; name = TransformUtils.h; path = libs/cocos2d/Support/TransformUtils.h; sourceTree = "<group>"; };
		C374279B180BE77100F24E01 /* TransformUtils.m */ = {isa = PBXFileReference; lastKnownFileType = sourcecode.c.objc; name = TransformUtils.m; path = libs/cocos2d/Support/TransformUtils.m; sourceTree = "<group>"; };
		C374279D180BE77100F24E01 /* uthash.h */ = {isa = PBXFileReference; name = uthash.h; path = libs/cocos2d/Support/uthash.h; sourceTree = "<group>"; };
		C374279E180BE77100F24E01 /* utlist.h */ = {isa = PBXFileReference; name = utlist.h; path = libs/cocos2d/Support/utlist.h; sourceTree = "<group>"; };
		C374279F180BE77100F24E01 /* ZipUtils.h */ = {isa = PBXFileReference; name = ZipUtils.h; path = libs/cocos2d/Support/ZipUtils.h; sourceTree = "<group>"; };
		C37427A0180BE77100F24E01 /* ZipUtils.m */ = {isa = PBXFileReference; lastKnownFileType = sourcecode.c.objc; name = ZipUtils.m; path = libs/cocos2d/Support/ZipUtils.m; sourceTree = "<group>"; };
		C37427A2180BE77100F24E01 /* LICENSE_cocos2d.txt */ = {isa = PBXFileReference; name = LICENSE_cocos2d.txt; path = libs/LICENSE_cocos2d.txt; sourceTree = "<group>"; };
		C37427A4180BE77100F24E01 /* CDAudioManager.h */ = {isa = PBXFileReference; name = CDAudioManager.h; path = libs/CocosDenshion/CDAudioManager.h; sourceTree = "<group>"; };
		C37427A5180BE77100F24E01 /* CDAudioManager.m */ = {isa = PBXFileReference; lastKnownFileType = sourcecode.c.objc; name = CDAudioManager.m; path = libs/CocosDenshion/CDAudioManager.m; sourceTree = "<group>"; };
		C37427A7180BE77100F24E01 /* CDConfig.h */ = {isa = PBXFileReference; name = CDConfig.h; path = libs/CocosDenshion/CDConfig.h; sourceTree = "<group>"; };
		C37427A8180BE77100F24E01 /* CDOpenALSupport.h */ = {isa = PBXFileReference; name = CDOpenALSupport.h; path = libs/CocosDenshion/CDOpenALSupport.h; sourceTree = "<group>"; };
		C37427A9180BE77100F24E01 /* CDOpenALSupport.m */ = {isa = PBXFileReference; lastKnownFileType = sourcecode.c.objc; name = CDOpenALSupport.m; path = libs/CocosDenshion/CDOpenALSupport.m; sourceTree = "<group>"; };
		C37427AB180BE77100F24E01 /* CocosDenshion.h */ = {isa = PBXFileReference; name = CocosDenshion.h; path = libs/CocosDenshion/CocosDenshion.h; sourceTree = "<group>"; };
		C37427AC180BE77200F24E01 /* CocosDenshion.m */ = {isa = PBXFileReference; lastKnownFileType = sourcecode.c.objc; name = CocosDenshion.m; path = libs/CocosDenshion/CocosDenshion.m; sourceTree = "<group>"; };
		C37427AE180BE77200F24E01 /* SimpleAudioEngine.h */ = {isa = PBXFileReference; name = SimpleAudioEngine.h; path = libs/CocosDenshion/SimpleAudioEngine.h; sourceTree = "<group>"; };
		C37427AF180BE77200F24E01 /* SimpleAudioEngine.m */ = {isa = PBXFileReference; lastKnownFileType = sourcecode.c.objc; name = SimpleAudioEngine.m; path = libs/CocosDenshion/SimpleAudioEngine.m; sourceTree = "<group>"; };
		C37427B1180BE77200F24E01 /* LICENSE_CocosDenshion.txt */ = {isa = PBXFileReference; name = LICENSE_CocosDenshion.txt; path = libs/LICENSE_CocosDenshion.txt; sourceTree = "<group>"; };
		C37427B5180BE77200F24E01 /* aabb.h */ = {isa = PBXFileReference; name = aabb.h; path = libs/kazmath/include/kazmath/aabb.h; sourceTree = "<group>"; };
		C37427B7180BE77200F24E01 /* mat4stack.h */ = {isa = PBXFileReference; name = mat4stack.h; path = libs/kazmath/include/kazmath/GL/mat4stack.h; sourceTree = "<group>"; };
		C37427B8180BE77200F24E01 /* matrix.h */ = {isa = PBXFileReference; name = matrix.h; path = libs/kazmath/include/kazmath/GL/matrix.h; sourceTree = "<group>"; };
		C37427B9180BE77200F24E01 /* kazmath.h */ = {isa = PBXFileReference; name = kazmath.h; path = libs/kazmath/include/kazmath/kazmath.h; sourceTree = "<group>"; };
		C37427BA180BE77200F24E01 /* mat3.h */ = {isa = PBXFileReference; name = mat3.h; path = libs/kazmath/include/kazmath/mat3.h; sourceTree = "<group>"; };
		C37427BB180BE77200F24E01 /* mat4.h */ = {isa = PBXFileReference; name = mat4.h; path = libs/kazmath/include/kazmath/mat4.h; sourceTree = "<group>"; };
		C37427BC180BE77200F24E01 /* neon_matrix_impl.h */ = {isa = PBXFileReference; name = neon_matrix_impl.h; path = libs/kazmath/include/kazmath/neon_matrix_impl.h; sourceTree = "<group>"; };
		C37427BD180BE77200F24E01 /* plane.h */ = {isa = PBXFileReference; name = plane.h; path = libs/kazmath/include/kazmath/plane.h; sourceTree = "<group>"; };
		C37427BE180BE77200F24E01 /* quaternion.h */ = {isa = PBXFileReference; name = quaternion.h; path = libs/kazmath/include/kazmath/quaternion.h; sourceTree = "<group>"; };
		C37427BF180BE77200F24E01 /* ray2.h */ = {isa = PBXFileReference; name = ray2.h; path = libs/kazmath/include/kazmath/ray2.h; sourceTree = "<group>"; };
		C37427C0180BE77200F24E01 /* utility.h */ = {isa = PBXFileReference; name = utility.h; path = libs/kazmath/include/kazmath/utility.h; sourceTree = "<group>"; };
		C37427C1180BE77200F24E01 /* vec2.h */ = {isa = PBXFileReference; name = vec2.h; path = libs/kazmath/include/kazmath/vec2.h; sourceTree = "<group>"; };
		C37427C2180BE77200F24E01 /* vec3.h */ = {isa = PBXFileReference; name = vec3.h; path = libs/kazmath/include/kazmath/vec3.h; sourceTree = "<group>"; };
		C37427C3180BE77200F24E01 /* vec4.h */ = {isa = PBXFileReference; name = vec4.h; path = libs/kazmath/include/kazmath/vec4.h; sourceTree = "<group>"; };
		C37427C5180BE77200F24E01 /* aabb.c */ = {isa = PBXFileReference; lastKnownFileType = sourcecode.c.c; name = aabb.c; path = libs/kazmath/src/aabb.c; sourceTree = "<group>"; };
		C37427C7180BE77200F24E01 /* ChangeLog */ = {isa = PBXFileReference; lastKnownFileType = text; name = ChangeLog; path = libs/kazmath/src/ChangeLog; sourceTree = "<group>"; };
		C37427C9180BE77200F24E01 /* CMakeLists.txt */ = {isa = PBXFileReference; name = CMakeLists.txt; path = libs/kazmath/src/CMakeLists.txt; sourceTree = "<group>"; };
		C37427CB180BE77200F24E01 /* mat4stack.c */ = {isa = PBXFileReference; lastKnownFileType = sourcecode.c.c; name = mat4stack.c; path = libs/kazmath/src/GL/mat4stack.c; sourceTree = "<group>"; };
		C37427CD180BE77200F24E01 /* matrix.c */ = {isa = PBXFileReference; lastKnownFileType = sourcecode.c.c; name = matrix.c; path = libs/kazmath/src/GL/matrix.c; sourceTree = "<group>"; };
		C37427CF180BE77200F24E01 /* mat3.c */ = {isa = PBXFileReference; lastKnownFileType = sourcecode.c.c; name = mat3.c; path = libs/kazmath/src/mat3.c; sourceTree = "<group>"; };
		C37427D1180BE77200F24E01 /* mat4.c */ = {isa = PBXFileReference; lastKnownFileType = sourcecode.c.c; name = mat4.c; path = libs/kazmath/src/mat4.c; sourceTree = "<group>"; };
		C37427D3180BE77200F24E01 /* neon_matrix_impl.c */ = {isa = PBXFileReference; lastKnownFileType = sourcecode.c.c; name = neon_matrix_impl.c; path = libs/kazmath/src/neon_matrix_impl.c; sourceTree = "<group>"; };
		C37427D5180BE77200F24E01 /* plane.c */ = {isa = PBXFileReference; lastKnownFileType = sourcecode.c.c; name = plane.c; path = libs/kazmath/src/plane.c; sourceTree = "<group>"; };
		C37427D7180BE77200F24E01 /* quaternion.c */ = {isa = PBXFileReference; lastKnownFileType = sourcecode.c.c; name = quaternion.c; path = libs/kazmath/src/quaternion.c; sourceTree = "<group>"; };
		C37427D9180BE77200F24E01 /* ray2.c */ = {isa = PBXFileReference; lastKnownFileType = sourcecode.c.c; name = ray2.c; path = libs/kazmath/src/ray2.c; sourceTree = "<group>"; };
		C37427DB180BE77200F24E01 /* utility.c */ = {isa = PBXFileReference; lastKnownFileType = sourcecode.c.c; name = utility.c; path = libs/kazmath/src/utility.c; sourceTree = "<group>"; };
		C37427DD180BE77200F24E01 /* vec2.c */ = {isa = PBXFileReference; lastKnownFileType = sourcecode.c.c; name = vec2.c; path = libs/kazmath/src/vec2.c; sourceTree = "<group>"; };
		C37427DF180BE77200F24E01 /* vec3.c */ = {isa = PBXFileReference; lastKnownFileType = sourcecode.c.c; name = vec3.c; path = libs/kazmath/src/vec3.c; sourceTree = "<group>"; };
		C37427E1180BE77200F24E01 /* vec4.c */ = {isa = PBXFileReference; lastKnownFileType = sourcecode.c.c; name = vec4.c; path = libs/kazmath/src/vec4.c; sourceTree = "<group>"; };
		C37427E3180BE77200F24E01 /* LICENSE_Kazmath.txt */ = {isa = PBXFileReference; name = LICENSE_Kazmath.txt; path = libs/LICENSE_Kazmath.txt; sourceTree = "<group>"; };
		C37427E5180BE77200F24E01 /* Prefix.pch */ = {isa = PBXFileReference; path = Prefix.pch; sourceTree = "<group>"; };
		C37427E6180BE77200F24E01 /* main.m */ = {isa = PBXFileReference; lastKnownFileType = sourcecode.c.objc; path = main.m; sourceTree = "<group>"; };
		C37427E8180BE77200F24E01 /* AppDelegate.h */ = {isa = PBXFileReference; path = AppDelegate.h; sourceTree = "<group>"; };
		C37427E9180BE77200F24E01 /* AppDelegate.m */ = {isa = PBXFileReference; lastKnownFileType = sourcecode.c.objc; path = AppDelegate.m; sourceTree = "<group>"; };
		C37427EB180BE77200F24E01 /* HelloWorldLayer.h */ = {isa = PBXFileReference; path = HelloWorldLayer.h; sourceTree = "<group>"; };
		C37427EC180BE77200F24E01 /* HelloWorldLayer.m */ = {isa = PBXFileReference; lastKnownFileType = sourcecode.c.objc; path = HelloWorldLayer.m; sourceTree = "<group>"; };
		C37427EE180BE77200F24E01 /* IntroLayer.h */ = {isa = PBXFileReference; path = IntroLayer.h; sourceTree = "<group>"; };
		C37427EF180BE77200F24E01 /* IntroLayer.m */ = {isa = PBXFileReference; lastKnownFileType = sourcecode.c.objc; path = IntroLayer.m; sourceTree = "<group>"; };
/* End PBXFileReference section */

/* Begin PBXFrameworksBuildPhase section */
		C3742657180BE76F00F24E01 /* Frameworks */ = {
			isa = PBXFrameworksBuildPhase;
			buildActionMask = 2147483647;
			files = (
				C374265F180BE76F00F24E01 /* QuartzCore.framework in Frameworks */,
				C3742661180BE76F00F24E01 /* OpenGLES.framework in Frameworks */,
				C3742663180BE76F00F24E01 /* OpenAL.framework in Frameworks */,
				C3742665180BE76F00F24E01 /* AudioToolbox.framework in Frameworks */,
				C3742667180BE76F00F24E01 /* AVFoundation.framework in Frameworks */,
				C3742669180BE76F00F24E01 /* UIKit.framework in Frameworks */,
				C374266B180BE76F00F24E01 /* Foundation.framework in Frameworks */,
				C374266D180BE76F00F24E01 /* CoreGraphics.framework in Frameworks */,
				C374266F180BE76F00F24E01 /* GameKit.framework in Frameworks */,
			);
			runOnlyForDeploymentPostprocessing = 0;
		};
/* End PBXFrameworksBuildPhase section */

/* Begin PBXGroup section */
		C374264F180BE76F00F24E01 = {
			isa = PBXGroup;
			children = (
				C3742670180BE76F00F24E01 /* NewTarot */,
				C374265D180BE76F00F24E01 /* Frameworks */,
				C374265B180BE76F00F24E01 /* Products */,
			);
			sourceTree = "<group>";
		};
		C374265B180BE76F00F24E01 /* Products */ = {
			isa = PBXGroup;
			children = (
				C374265A180BE76F00F24E01 /* NewTarot.app */,
			);
			name = Products;
			sourceTree = "<group>";
		};
		C374265D180BE76F00F24E01 /* Frameworks */ = {
			isa = PBXGroup;
			children = (
				C374265E180BE76F00F24E01 /* QuartzCore.framework */,
				C3742660180BE76F00F24E01 /* OpenGLES.framework */,
				C3742662180BE76F00F24E01 /* OpenAL.framework */,
				C3742664180BE76F00F24E01 /* AudioToolbox.framework */,
				C3742666180BE76F00F24E01 /* AVFoundation.framework */,
				C3742668180BE76F00F24E01 /* UIKit.framework */,
				C374266A180BE76F00F24E01 /* Foundation.framework */,
				C374266C180BE76F00F24E01 /* CoreGraphics.framework */,
				C374266E180BE76F00F24E01 /* GameKit.framework */,
			);
			name = Frameworks;
			sourceTree = "<group>";
		};
		C3742670180BE76F00F24E01 /* NewTarot */ = {
			isa = PBXGroup;
			children = (
				C37427E8180BE77200F24E01 /* AppDelegate.h */,
				C37427E9180BE77200F24E01 /* AppDelegate.m */,
				C37427EB180BE77200F24E01 /* HelloWorldLayer.h */,
				C37427EC180BE77200F24E01 /* HelloWorldLayer.m */,
				C37427EE180BE77200F24E01 /* IntroLayer.h */,
				C37427EF180BE77200F24E01 /* IntroLayer.m */,
				C3742671180BE76F00F24E01 /* Resources */,
				C374268B180BE76F00F24E01 /* libs */,
				C37427E4180BE77200F24E01 /* Supporting Files */,
			);
			path = NewTarot;
			sourceTree = "<group>";
		};
		C3742671180BE76F00F24E01 /* Resources */ = {
			isa = PBXGroup;
			children = (
				C3742672180BE76F00F24E01 /* Default.png */,
				C3742674180BE76F00F24E01 /* Default-Landscape~ipad.png */,
				C3742676180BE76F00F24E01 /* fps_images.png */,
				C3742678180BE76F00F24E01 /* fps_images-hd.png */,
				C374267A180BE76F00F24E01 /* fps_images-ipadhd.png */,
				C374267C180BE76F00F24E01 /* Icon-72.png */,
				C374267E180BE76F00F24E01 /* Icon-Small-50.png */,
				C3742680180BE76F00F24E01 /* Icon-Small.png */,
				C3742682180BE76F00F24E01 /* Icon-Small@2x.png */,
				C3742684180BE76F00F24E01 /* Icon.png */,
				C3742686180BE76F00F24E01 /* Icon@2x.png */,
				C3742688180BE76F00F24E01 /* Info.plist */,
				C3742689180BE76F00F24E01 /* iTunesArtwork */,
			);
			name = Resources;
			sourceTree = "<group>";
		};
		C374268B180BE76F00F24E01 /* libs */ = {
			isa = PBXGroup;
			children = (
				C37427A2180BE77100F24E01 /* LICENSE_cocos2d.txt */,
				C37427B1180BE77200F24E01 /* LICENSE_CocosDenshion.txt */,
				C37427E3180BE77200F24E01 /* LICENSE_Kazmath.txt */,
				C374268C180BE76F00F24E01 /* cocos2d */,
				C37427A3180BE77100F24E01 /* CocosDenshion */,
				C37427B2180BE77200F24E01 /* kazmath */,
			);
			name = libs;
			sourceTree = "<group>";
		};
		C374268C180BE76F00F24E01 /* cocos2d */ = {
			isa = PBXGroup;
			children = (
				C374268D180BE76F00F24E01 /* CCAction.h */,
				C374268E180BE76F00F24E01 /* CCAction.m */,
				C3742690180BE76F00F24E01 /* CCActionCamera.h */,
				C3742691180BE76F00F24E01 /* CCActionCamera.m */,
				C3742693180BE77000F24E01 /* CCActionCatmullRom.h */,
				C3742694180BE77000F24E01 /* CCActionCatmullRom.m */,
				C3742696180BE77000F24E01 /* CCActionEase.h */,
				C3742697180BE77000F24E01 /* CCActionEase.m */,
				C3742699180BE77000F24E01 /* CCActionGrid.h */,
				C374269A180BE77000F24E01 /* CCActionGrid.m */,
				C374269C180BE77000F24E01 /* CCActionGrid3D.h */,
				C374269D180BE77000F24E01 /* CCActionGrid3D.m */,
				C374269F180BE77000F24E01 /* CCActionInstant.h */,
				C37426A0180BE77000F24E01 /* CCActionInstant.m */,
				C37426A2180BE77000F24E01 /* CCActionInterval.h */,
				C37426A3180BE77000F24E01 /* CCActionInterval.m */,
				C37426A5180BE77000F24E01 /* CCActionManager.h */,
				C37426A6180BE77000F24E01 /* CCActionManager.m */,
				C37426A8180BE77000F24E01 /* CCActionPageTurn3D.h */,
				C37426A9180BE77000F24E01 /* CCActionPageTurn3D.m */,
				C37426AB180BE77000F24E01 /* CCActionProgressTimer.h */,
				C37426AC180BE77000F24E01 /* CCActionProgressTimer.m */,
				C37426AE180BE77000F24E01 /* CCActionTiledGrid.h */,
				C37426AF180BE77000F24E01 /* CCActionTiledGrid.m */,
				C37426B1180BE77000F24E01 /* CCActionTween.h */,
				C37426B2180BE77000F24E01 /* CCActionTween.m */,
				C37426B4180BE77000F24E01 /* CCAnimation.h */,
				C37426B5180BE77000F24E01 /* CCAnimation.m */,
				C37426B7180BE77000F24E01 /* CCAnimationCache.h */,
				C37426B8180BE77000F24E01 /* CCAnimationCache.m */,
				C37426BA180BE77000F24E01 /* CCAtlasNode.h */,
				C37426BB180BE77000F24E01 /* CCAtlasNode.m */,
				C37426BD180BE77000F24E01 /* CCCamera.h */,
				C37426BE180BE77000F24E01 /* CCCamera.m */,
				C37426C0180BE77000F24E01 /* ccConfig.h */,
				C37426C1180BE77000F24E01 /* CCConfiguration.h */,
				C37426C2180BE77000F24E01 /* CCConfiguration.m */,
				C37426C4180BE77000F24E01 /* ccDeprecated.h */,
				C37426C5180BE77000F24E01 /* ccDeprecated.m */,
				C37426C7180BE77000F24E01 /* CCDirector.h */,
				C37426C8180BE77000F24E01 /* CCDirector.m */,
				C37426CA180BE77000F24E01 /* CCDrawingPrimitives.h */,
				C37426CB180BE77000F24E01 /* CCDrawingPrimitives.m */,
				C37426CD180BE77000F24E01 /* CCGLProgram.h */,
				C37426CE180BE77000F24E01 /* CCGLProgram.m */,
				C37426D0180BE77000F24E01 /* ccGLStateCache.h */,
				C37426D1180BE77000F24E01 /* ccGLStateCache.m */,
				C37426D3180BE77000F24E01 /* CCGrabber.h */,
				C37426D4180BE77000F24E01 /* CCGrabber.m */,
				C37426D6180BE77000F24E01 /* CCGrid.h */,
				C37426D7180BE77000F24E01 /* CCGrid.m */,
				C37426D9180BE77000F24E01 /* CCLabelAtlas.h */,
				C37426DA180BE77000F24E01 /* CCLabelAtlas.m */,
				C37426DC180BE77000F24E01 /* CCLabelBMFont.h */,
				C37426DD180BE77000F24E01 /* CCLabelBMFont.m */,
				C37426DF180BE77000F24E01 /* CCLabelTTF.h */,
				C37426E0180BE77000F24E01 /* CCLabelTTF.m */,
				C37426E2180BE77000F24E01 /* CCLayer.h */,
				C37426E3180BE77000F24E01 /* CCLayer.m */,
				C37426E5180BE77000F24E01 /* ccMacros.h */,
				C37426E6180BE77000F24E01 /* CCMenu.h */,
				C37426E7180BE77000F24E01 /* CCMenu.m */,
				C37426E9180BE77000F24E01 /* CCMenuItem.h */,
				C37426EA180BE77000F24E01 /* CCMenuItem.m */,
				C37426EC180BE77000F24E01 /* CCMotionStreak.h */,
				C37426ED180BE77000F24E01 /* CCMotionStreak.m */,
				C37426EF180BE77000F24E01 /* CCNode+Debug.h */,
				C37426F0180BE77000F24E01 /* CCNode+Debug.m */,
				C37426F2180BE77000F24E01 /* CCNode.h */,
				C37426F3180BE77000F24E01 /* CCNode.m */,
				C37426F5180BE77000F24E01 /* CCParallaxNode.h */,
				C37426F6180BE77000F24E01 /* CCParallaxNode.m */,
				C37426F8180BE77000F24E01 /* CCParticleBatchNode.h */,
				C37426F9180BE77000F24E01 /* CCParticleBatchNode.m */,
				C37426FB180BE77000F24E01 /* CCParticleExamples.h */,
				C37426FC180BE77000F24E01 /* CCParticleExamples.m */,
				C37426FE180BE77000F24E01 /* CCParticleSystem.h */,
				C37426FF180BE77000F24E01 /* CCParticleSystem.m */,
				C3742701180BE77000F24E01 /* CCParticleSystemQuad.h */,
				C3742702180BE77000F24E01 /* CCParticleSystemQuad.m */,
				C3742704180BE77000F24E01 /* CCProgressTimer.h */,
				C3742705180BE77000F24E01 /* CCProgressTimer.m */,
				C3742707180BE77000F24E01 /* CCProtocols.h */,
				C3742708180BE77000F24E01 /* CCRenderTexture.h */,
				C3742709180BE77000F24E01 /* CCRenderTexture.m */,
				C374270B180BE77000F24E01 /* CCScene.h */,
				C374270C180BE77000F24E01 /* CCScene.m */,
				C374270E180BE77000F24E01 /* CCScheduler.h */,
				C374270F180BE77000F24E01 /* CCScheduler.m */,
				C3742711180BE77000F24E01 /* ccShader_Position_uColor_frag.h */,
				C3742712180BE77000F24E01 /* ccShader_Position_uColor_vert.h */,
				C3742713180BE77000F24E01 /* ccShader_PositionColor_frag.h */,
				C3742714180BE77000F24E01 /* ccShader_PositionColor_vert.h */,
				C3742715180BE77000F24E01 /* ccShader_PositionTexture_frag.h */,
				C3742716180BE77000F24E01 /* ccShader_PositionTexture_uColor_frag.h */,
				C3742717180BE77000F24E01 /* ccShader_PositionTexture_uColor_vert.h */,
				C3742718180BE77000F24E01 /* ccShader_PositionTexture_vert.h */,
				C3742719180BE77000F24E01 /* ccShader_PositionTextureA8Color_frag.h */,
				C374271A180BE77000F24E01 /* ccShader_PositionTextureA8Color_vert.h */,
				C374271B180BE77000F24E01 /* ccShader_PositionTextureColor_frag.h */,
				C374271C180BE77000F24E01 /* ccShader_PositionTextureColor_vert.h */,
				C374271D180BE77100F24E01 /* ccShader_PositionTextureColorAlphaTest_frag.h */,
				C374271E180BE77100F24E01 /* CCShaderCache.h */,
				C374271F180BE77100F24E01 /* CCShaderCache.m */,
				C3742721180BE77100F24E01 /* ccShaders.h */,
				C3742722180BE77100F24E01 /* ccShaders.m */,
				C3742724180BE77100F24E01 /* CCSprite.h */,
				C3742725180BE77100F24E01 /* CCSprite.m */,
				C3742727180BE77100F24E01 /* CCSpriteBatchNode.h */,
				C3742728180BE77100F24E01 /* CCSpriteBatchNode.m */,
				C374272A180BE77100F24E01 /* CCSpriteFrame.h */,
				C374272B180BE77100F24E01 /* CCSpriteFrame.m */,
				C374272D180BE77100F24E01 /* CCSpriteFrameCache.h */,
				C374272E180BE77100F24E01 /* CCSpriteFrameCache.m */,
				C3742730180BE77100F24E01 /* CCTexture2D.h */,
				C3742731180BE77100F24E01 /* CCTexture2D.m */,
				C3742733180BE77100F24E01 /* CCTextureAtlas.h */,
				C3742734180BE77100F24E01 /* CCTextureAtlas.m */,
				C3742736180BE77100F24E01 /* CCTextureCache.h */,
				C3742737180BE77100F24E01 /* CCTextureCache.m */,
				C3742739180BE77100F24E01 /* CCTexturePVR.h */,
				C374273A180BE77100F24E01 /* CCTexturePVR.m */,
				C374273C180BE77100F24E01 /* CCTileMapAtlas.h */,
				C374273D180BE77100F24E01 /* CCTileMapAtlas.m */,
				C374273F180BE77100F24E01 /* CCTMXLayer.h */,
				C3742740180BE77100F24E01 /* CCTMXLayer.m */,
				C3742742180BE77100F24E01 /* CCTMXObjectGroup.h */,
				C3742743180BE77100F24E01 /* CCTMXObjectGroup.m */,
				C3742745180BE77100F24E01 /* CCTMXTiledMap.h */,
				C3742746180BE77100F24E01 /* CCTMXTiledMap.m */,
				C3742748180BE77100F24E01 /* CCTMXXMLParser.h */,
				C3742749180BE77100F24E01 /* CCTMXXMLParser.m */,
				C374274B180BE77100F24E01 /* CCTransition.h */,
				C374274C180BE77100F24E01 /* CCTransition.m */,
				C374274E180BE77100F24E01 /* CCTransitionPageTurn.h */,
				C374274F180BE77100F24E01 /* CCTransitionPageTurn.m */,
				C3742751180BE77100F24E01 /* CCTransitionProgress.h */,
				C3742752180BE77100F24E01 /* CCTransitionProgress.m */,
				C3742754180BE77100F24E01 /* ccTypes.h */,
				C3742755180BE77100F24E01 /* cocos2d.h */,
				C3742756180BE77100F24E01 /* cocos2d.m */,
				C3742758180BE77100F24E01 /* Platforms */,
				C374277A180BE77100F24E01 /* Support */,
			);
			name = cocos2d;
			sourceTree = "<group>";
		};
		C3742758180BE77100F24E01 /* Platforms */ = {
			isa = PBXGroup;
			children = (
				C3742759180BE77100F24E01 /* CCGL.h */,
				C374275A180BE77100F24E01 /* CCNS.h */,
				C374275B180BE77100F24E01 /* iOS */,
				C374276D180BE77100F24E01 /* Mac */,
			);
			name = Platforms;
			sourceTree = "<group>";
		};
		C374275B180BE77100F24E01 /* iOS */ = {
			isa = PBXGroup;
			children = (
				C374275C180BE77100F24E01 /* CCDirectorIOS.h */,
				C374275D180BE77100F24E01 /* CCDirectorIOS.m */,
				C374275F180BE77100F24E01 /* CCES2Renderer.h */,
				C3742760180BE77100F24E01 /* CCES2Renderer.m */,
				C3742762180BE77100F24E01 /* CCESRenderer.h */,
				C3742763180BE77100F24E01 /* CCGLView.h */,
				C3742764180BE77100F24E01 /* CCGLView.m */,
				C3742766180BE77100F24E01 /* CCTouchDelegateProtocol.h */,
				C3742767180BE77100F24E01 /* CCTouchDispatcher.h */,
				C3742768180BE77100F24E01 /* CCTouchDispatcher.m */,
				C374276A180BE77100F24E01 /* CCTouchHandler.h */,
				C374276B180BE77100F24E01 /* CCTouchHandler.m */,
			);
			name = iOS;
			sourceTree = "<group>";
		};
		C374276D180BE77100F24E01 /* Mac */ = {
			isa = PBXGroup;
			children = (
				C374276E180BE77100F24E01 /* CCDirectorMac.h */,
				C374276F180BE77100F24E01 /* CCDirectorMac.m */,
				C3742771180BE77100F24E01 /* CCEventDispatcher.h */,
				C3742772180BE77100F24E01 /* CCEventDispatcher.m */,
				C3742774180BE77100F24E01 /* CCGLView.h */,
				C3742775180BE77100F24E01 /* CCGLView.m */,
				C3742777180BE77100F24E01 /* CCWindow.h */,
				C3742778180BE77100F24E01 /* CCWindow.m */,
			);
			name = Mac;
			sourceTree = "<group>";
		};
		C374277A180BE77100F24E01 /* Support */ = {
			isa = PBXGroup;
			children = (
				C374277B180BE77100F24E01 /* base64.c */,
				C374277D180BE77100F24E01 /* base64.h */,
				C374277E180BE77100F24E01 /* CCArray.h */,
				C374277F180BE77100F24E01 /* CCArray.m */,
				C3742781180BE77100F24E01 /* ccCArray.h */,
				C3742782180BE77100F24E01 /* ccCArray.m */,
				C3742784180BE77100F24E01 /* CCFileUtils.h */,
				C3742785180BE77100F24E01 /* CCFileUtils.m */,
				C3742787180BE77100F24E01 /* CCProfiling.h */,
				C3742788180BE77100F24E01 /* CCProfiling.m */,
				C374278A180BE77100F24E01 /* ccUtils.c */,
				C374278C180BE77100F24E01 /* ccUtils.h */,
				C374278D180BE77100F24E01 /* CCVertex.h */,
				C374278E180BE77100F24E01 /* CCVertex.m */,
				C3742790180BE77100F24E01 /* CGPointExtension.h */,
				C3742791180BE77100F24E01 /* CGPointExtension.m */,
				C3742793180BE77100F24E01 /* NSThread+performBlock.h */,
				C3742794180BE77100F24E01 /* NSThread+performBlock.m */,
				C3742796180BE77100F24E01 /* OpenGL_Internal.h */,
				C3742797180BE77100F24E01 /* TGAlib.h */,
				C3742798180BE77100F24E01 /* TGAlib.m */,
				C374279A180BE77100F24E01 /* TransformUtils.h */,
				C374279B180BE77100F24E01 /* TransformUtils.m */,
				C374279D180BE77100F24E01 /* uthash.h */,
				C374279E180BE77100F24E01 /* utlist.h */,
				C374279F180BE77100F24E01 /* ZipUtils.h */,
				C37427A0180BE77100F24E01 /* ZipUtils.m */,
			);
			name = Support;
			sourceTree = "<group>";
		};
		C37427A3180BE77100F24E01 /* CocosDenshion */ = {
			isa = PBXGroup;
			children = (
				C37427A4180BE77100F24E01 /* CDAudioManager.h */,
				C37427A5180BE77100F24E01 /* CDAudioManager.m */,
				C37427A7180BE77100F24E01 /* CDConfig.h */,
				C37427A8180BE77100F24E01 /* CDOpenALSupport.h */,
				C37427A9180BE77100F24E01 /* CDOpenALSupport.m */,
				C37427AB180BE77100F24E01 /* CocosDenshion.h */,
				C37427AC180BE77200F24E01 /* CocosDenshion.m */,
				C37427AE180BE77200F24E01 /* SimpleAudioEngine.h */,
				C37427AF180BE77200F24E01 /* SimpleAudioEngine.m */,
			);
			name = CocosDenshion;
			sourceTree = "<group>";
		};
		C37427B2180BE77200F24E01 /* kazmath */ = {
			isa = PBXGroup;
			children = (
				C37427B3180BE77200F24E01 /* include */,
				C37427C4180BE77200F24E01 /* src */,
			);
			name = kazmath;
			sourceTree = "<group>";
		};
		C37427B3180BE77200F24E01 /* include */ = {
			isa = PBXGroup;
			children = (
				C37427B4180BE77200F24E01 /* kazmath */,
			);
			name = include;
			sourceTree = "<group>";
		};
		C37427B4180BE77200F24E01 /* kazmath */ = {
			isa = PBXGroup;
			children = (
				C37427B5180BE77200F24E01 /* aabb.h */,
				C37427B9180BE77200F24E01 /* kazmath.h */,
				C37427BA180BE77200F24E01 /* mat3.h */,
				C37427BB180BE77200F24E01 /* mat4.h */,
				C37427BC180BE77200F24E01 /* neon_matrix_impl.h */,
				C37427BD180BE77200F24E01 /* plane.h */,
				C37427BE180BE77200F24E01 /* quaternion.h */,
				C37427BF180BE77200F24E01 /* ray2.h */,
				C37427C0180BE77200F24E01 /* utility.h */,
				C37427C1180BE77200F24E01 /* vec2.h */,
				C37427C2180BE77200F24E01 /* vec3.h */,
				C37427C3180BE77200F24E01 /* vec4.h */,
				C37427B6180BE77200F24E01 /* GL */,
			);
			name = kazmath;
			sourceTree = "<group>";
		};
		C37427B6180BE77200F24E01 /* GL */ = {
			isa = PBXGroup;
			children = (
				C37427B7180BE77200F24E01 /* mat4stack.h */,
				C37427B8180BE77200F24E01 /* matrix.h */,
			);
			name = GL;
			sourceTree = "<group>";
		};
		C37427C4180BE77200F24E01 /* src */ = {
			isa = PBXGroup;
			children = (
				C37427C5180BE77200F24E01 /* aabb.c */,
				C37427C7180BE77200F24E01 /* ChangeLog */,
				C37427C9180BE77200F24E01 /* CMakeLists.txt */,
				C37427CF180BE77200F24E01 /* mat3.c */,
				C37427D1180BE77200F24E01 /* mat4.c */,
				C37427D3180BE77200F24E01 /* neon_matrix_impl.c */,
				C37427D5180BE77200F24E01 /* plane.c */,
				C37427D7180BE77200F24E01 /* quaternion.c */,
				C37427D9180BE77200F24E01 /* ray2.c */,
				C37427DB180BE77200F24E01 /* utility.c */,
				C37427DD180BE77200F24E01 /* vec2.c */,
				C37427DF180BE77200F24E01 /* vec3.c */,
				C37427E1180BE77200F24E01 /* vec4.c */,
				C37427CA180BE77200F24E01 /* GL */,
			);
			name = src;
			sourceTree = "<group>";
		};
		C37427CA180BE77200F24E01 /* GL */ = {
			isa = PBXGroup;
			children = (
				C37427CB180BE77200F24E01 /* mat4stack.c */,
				C37427CD180BE77200F24E01 /* matrix.c */,
			);
			name = GL;
			sourceTree = "<group>";
		};
		C37427E4180BE77200F24E01 /* Supporting Files */ = {
			isa = PBXGroup;
			children = (
				C37427E5180BE77200F24E01 /* Prefix.pch */,
				C37427E6180BE77200F24E01 /* main.m */,
			);
			name = "Supporting Files";
			sourceTree = "<group>";
		};
/* End PBXGroup section */

/* Begin PBXNativeTarget section */
		C3742659180BE76F00F24E01 /* NewTarot */ = {
			isa = PBXNativeTarget;
			buildConfigurationList = C37427F3180BE77200F24E01 /* Build configuration list for PBXNativeTarget "NewTarot" */;
			buildPhases = (
				C3742656180BE76F00F24E01 /* Sources */,
				C3742657180BE76F00F24E01 /* Frameworks */,
				C3742658180BE76F00F24E01 /* Resources */,
			);
			buildRules = (
			);
			dependencies = (
			);
			name = NewTarot;
			productName = NewTarot;
			productReference = C374265A180BE76F00F24E01 /* NewTarot.app */;
			productType = "com.apple.product-type.application";
		};
/* End PBXNativeTarget section */

/* Begin PBXProject section */
		C3742651180BE76F00F24E01 /* Project object */ = {
			isa = PBXProject;
			attributes = {
				LastUpgradeCheck = 0430;
			};
			buildConfigurationList = C3742654180BE76F00F24E01 /* Build configuration list for PBXProject "NewTarot" */;
			compatibilityVersion = "Xcode 3.2";
			developmentRegion = English;
			hasScannedForEncodings = 0;
			knownRegions = (
				en,
			);
			mainGroup = C374264F180BE76F00F24E01;
			productRefGroup = C374265B180BE76F00F24E01 /* Products */;
			projectDirPath = "";
			projectRoot = "";
			targets = (
				C3742659180BE76F00F24E01 /* NewTarot */,
			);
		};
/* End PBXProject section */

/* Begin PBXResourcesBuildPhase section */
		C3742658180BE76F00F24E01 /* Resources */ = {
			isa = PBXResourcesBuildPhase;
			buildActionMask = 2147483647;
			files = (
				C3742673180BE76F00F24E01 /* Default.png in Resources */,
				C3742675180BE76F00F24E01 /* Default-Landscape~ipad.png in Resources */,
				C3742677180BE76F00F24E01 /* fps_images.png in Resources */,
				C3742679180BE76F00F24E01 /* fps_images-hd.png in Resources */,
				C374267B180BE76F00F24E01 /* fps_images-ipadhd.png in Resources */,
				C374267D180BE76F00F24E01 /* Icon-72.png in Resources */,
				C374267F180BE76F00F24E01 /* Icon-Small-50.png in Resources */,
				C3742681180BE76F00F24E01 /* Icon-Small.png in Resources */,
				C3742683180BE76F00F24E01 /* Icon-Small@2x.png in Resources */,
				C3742685180BE76F00F24E01 /* Icon.png in Resources */,
				C3742687180BE76F00F24E01 /* Icon@2x.png in Resources */,
				C374268A180BE76F00F24E01 /* iTunesArtwork in Resources */,
				C37427C8180BE77200F24E01 /* ChangeLog in Resources */,
			);
			runOnlyForDeploymentPostprocessing = 0;
		};
/* End PBXResourcesBuildPhase section */

/* Begin PBXSourcesBuildPhase section */
		C3742656180BE76F00F24E01 /* Sources */ = {
			isa = PBXSourcesBuildPhase;
			buildActionMask = 2147483647;
			files = (
				C374268F180BE76F00F24E01 /* CCAction.m in Sources */,
				C3742692180BE76F00F24E01 /* CCActionCamera.m in Sources */,
				C3742695180BE77000F24E01 /* CCActionCatmullRom.m in Sources */,
				C3742698180BE77000F24E01 /* CCActionEase.m in Sources */,
				C374269B180BE77000F24E01 /* CCActionGrid.m in Sources */,
				C374269E180BE77000F24E01 /* CCActionGrid3D.m in Sources */,
				C37426A1180BE77000F24E01 /* CCActionInstant.m in Sources */,
				C37426A4180BE77000F24E01 /* CCActionInterval.m in Sources */,
				C37426A7180BE77000F24E01 /* CCActionManager.m in Sources */,
				C37426AA180BE77000F24E01 /* CCActionPageTurn3D.m in Sources */,
				C37426AD180BE77000F24E01 /* CCActionProgressTimer.m in Sources */,
				C37426B0180BE77000F24E01 /* CCActionTiledGrid.m in Sources */,
				C37426B3180BE77000F24E01 /* CCActionTween.m in Sources */,
				C37426B6180BE77000F24E01 /* CCAnimation.m in Sources */,
				C37426B9180BE77000F24E01 /* CCAnimationCache.m in Sources */,
				C37426BC180BE77000F24E01 /* CCAtlasNode.m in Sources */,
				C37426BF180BE77000F24E01 /* CCCamera.m in Sources */,
				C37426C3180BE77000F24E01 /* CCConfiguration.m in Sources */,
				C37426C6180BE77000F24E01 /* ccDeprecated.m in Sources */,
				C37426C9180BE77000F24E01 /* CCDirector.m in Sources */,
				C37426CC180BE77000F24E01 /* CCDrawingPrimitives.m in Sources */,
				C37426CF180BE77000F24E01 /* CCGLProgram.m in Sources */,
				C37426D2180BE77000F24E01 /* ccGLStateCache.m in Sources */,
				C37426D5180BE77000F24E01 /* CCGrabber.m in Sources */,
				C37426D8180BE77000F24E01 /* CCGrid.m in Sources */,
				C37426DB180BE77000F24E01 /* CCLabelAtlas.m in Sources */,
				C37426DE180BE77000F24E01 /* CCLabelBMFont.m in Sources */,
				C37426E1180BE77000F24E01 /* CCLabelTTF.m in Sources */,
				C37426E4180BE77000F24E01 /* CCLayer.m in Sources */,
				C37426E8180BE77000F24E01 /* CCMenu.m in Sources */,
				C37426EB180BE77000F24E01 /* CCMenuItem.m in Sources */,
				C37426EE180BE77000F24E01 /* CCMotionStreak.m in Sources */,
				C37426F1180BE77000F24E01 /* CCNode+Debug.m in Sources */,
				C37426F4180BE77000F24E01 /* CCNode.m in Sources */,
				C37426F7180BE77000F24E01 /* CCParallaxNode.m in Sources */,
				C37426FA180BE77000F24E01 /* CCParticleBatchNode.m in Sources */,
				C37426FD180BE77000F24E01 /* CCParticleExamples.m in Sources */,
				C3742700180BE77000F24E01 /* CCParticleSystem.m in Sources */,
				C3742703180BE77000F24E01 /* CCParticleSystemQuad.m in Sources */,
				C3742706180BE77000F24E01 /* CCProgressTimer.m in Sources */,
				C374270A180BE77000F24E01 /* CCRenderTexture.m in Sources */,
				C374270D180BE77000F24E01 /* CCScene.m in Sources */,
				C3742710180BE77000F24E01 /* CCScheduler.m in Sources */,
				C3742720180BE77100F24E01 /* CCShaderCache.m in Sources */,
				C3742723180BE77100F24E01 /* ccShaders.m in Sources */,
				C3742726180BE77100F24E01 /* CCSprite.m in Sources */,
				C3742729180BE77100F24E01 /* CCSpriteBatchNode.m in Sources */,
				C374272C180BE77100F24E01 /* CCSpriteFrame.m in Sources */,
				C374272F180BE77100F24E01 /* CCSpriteFrameCache.m in Sources */,
				C3742732180BE77100F24E01 /* CCTexture2D.m in Sources */,
				C3742735180BE77100F24E01 /* CCTextureAtlas.m in Sources */,
				C3742738180BE77100F24E01 /* CCTextureCache.m in Sources */,
				C374273B180BE77100F24E01 /* CCTexturePVR.m in Sources */,
				C374273E180BE77100F24E01 /* CCTileMapAtlas.m in Sources */,
				C3742741180BE77100F24E01 /* CCTMXLayer.m in Sources */,
				C3742744180BE77100F24E01 /* CCTMXObjectGroup.m in Sources */,
				C3742747180BE77100F24E01 /* CCTMXTiledMap.m in Sources */,
				C374274A180BE77100F24E01 /* CCTMXXMLParser.m in Sources */,
				C374274D180BE77100F24E01 /* CCTransition.m in Sources */,
				C3742750180BE77100F24E01 /* CCTransitionPageTurn.m in Sources */,
				C3742753180BE77100F24E01 /* CCTransitionProgress.m in Sources */,
				C3742757180BE77100F24E01 /* cocos2d.m in Sources */,
				C374275E180BE77100F24E01 /* CCDirectorIOS.m in Sources */,
				C3742761180BE77100F24E01 /* CCES2Renderer.m in Sources */,
				C3742765180BE77100F24E01 /* CCGLView.m in Sources */,
				C3742769180BE77100F24E01 /* CCTouchDispatcher.m in Sources */,
				C374276C180BE77100F24E01 /* CCTouchHandler.m in Sources */,
				C3742770180BE77100F24E01 /* CCDirectorMac.m in Sources */,
				C3742773180BE77100F24E01 /* CCEventDispatcher.m in Sources */,
				C3742776180BE77100F24E01 /* CCGLView.m in Sources */,
				C3742779180BE77100F24E01 /* CCWindow.m in Sources */,
				C374277C180BE77100F24E01 /* base64.c in Sources */,
				C3742780180BE77100F24E01 /* CCArray.m in Sources */,
				C3742783180BE77100F24E01 /* ccCArray.m in Sources */,
				C3742786180BE77100F24E01 /* CCFileUtils.m in Sources */,
				C3742789180BE77100F24E01 /* CCProfiling.m in Sources */,
				C374278B180BE77100F24E01 /* ccUtils.c in Sources */,
				C374278F180BE77100F24E01 /* CCVertex.m in Sources */,
				C3742792180BE77100F24E01 /* CGPointExtension.m in Sources */,
				C3742795180BE77100F24E01 /* NSThread+performBlock.m in Sources */,
				C3742799180BE77100F24E01 /* TGAlib.m in Sources */,
				C374279C180BE77100F24E01 /* TransformUtils.m in Sources */,
				C37427A1180BE77100F24E01 /* ZipUtils.m in Sources */,
				C37427A6180BE77100F24E01 /* CDAudioManager.m in Sources */,
				C37427AA180BE77100F24E01 /* CDOpenALSupport.m in Sources */,
				C37427AD180BE77200F24E01 /* CocosDenshion.m in Sources */,
				C37427B0180BE77200F24E01 /* SimpleAudioEngine.m in Sources */,
				C37427C6180BE77200F24E01 /* aabb.c in Sources */,
				C37427CC180BE77200F24E01 /* mat4stack.c in Sources */,
				C37427CE180BE77200F24E01 /* matrix.c in Sources */,
				C37427D0180BE77200F24E01 /* mat3.c in Sources */,
				C37427D2180BE77200F24E01 /* mat4.c in Sources */,
				C37427D4180BE77200F24E01 /* neon_matrix_impl.c in Sources */,
				C37427D6180BE77200F24E01 /* plane.c in Sources */,
				C37427D8180BE77200F24E01 /* quaternion.c in Sources */,
				C37427DA180BE77200F24E01 /* ray2.c in Sources */,
				C37427DC180BE77200F24E01 /* utility.c in Sources */,
				C37427DE180BE77200F24E01 /* vec2.c in Sources */,
				C37427E0180BE77200F24E01 /* vec3.c in Sources */,
				C37427E2180BE77200F24E01 /* vec4.c in Sources */,
				C37427E7180BE77200F24E01 /* main.m in Sources */,
				C37427EA180BE77200F24E01 /* AppDelegate.m in Sources */,
				C37427ED180BE77200F24E01 /* HelloWorldLayer.m in Sources */,
				C37427F0180BE77200F24E01 /* IntroLayer.m in Sources */,
			);
			runOnlyForDeploymentPostprocessing = 0;
		};
/* End PBXSourcesBuildPhase section */

/* Begin XCBuildConfiguration section */
		C37427F1180BE77200F24E01 /* Debug */ = {
			isa = XCBuildConfiguration;
			buildSettings = {
				ARCHS = "$(ARCHS_STANDARD_32_BIT)";
				"CODE_SIGN_IDENTITY[sdk=iphoneos*]" = "iPhone Developer";
				GCC_C_LANGUAGE_STANDARD = gnu99;
				GCC_OPTIMIZATION_LEVEL = 0;
				GCC_PREPROCESSOR_DEFINITIONS = (
					DEBUG,
					"COCOS2D_DEBUG=1",
				);
				GCC_SYMBOLS_PRIVATE_EXTERN = NO;
				GCC_VERSION = com.apple.compilers.llvm.clang.1_0;
				GCC_WARN_ABOUT_RETURN_TYPE = YES;
				GCC_WARN_UNUSED_VARIABLE = YES;
				IPHONEOS_DEPLOYMENT_TARGET = 4.0;
				SDKROOT = iphoneos;
				TARGETED_DEVICE_FAMILY = 1;
			};
			name = Debug;
		};
		C37427F2180BE77200F24E01 /* Release */ = {
			isa = XCBuildConfiguration;
			buildSettings = {
				ARCHS = "$(ARCHS_STANDARD_32_BIT)";
				"CODE_SIGN_IDENTITY[sdk=iphoneos*]" = "iPhone Developer";
				GCC_C_LANGUAGE_STANDARD = gnu99;
				GCC_PREPROCESSOR_DEFINITIONS = (
					NDEBUG,
					"NS_BLOCK_ASSERTIONS=1",
				);
				GCC_VERSION = com.apple.compilers.llvm.clang.1_0;
				GCC_WARN_ABOUT_RETURN_TYPE = YES;
				GCC_WARN_UNUSED_VARIABLE = YES;
				IPHONEOS_DEPLOYMENT_TARGET = 4.0;
				SDKROOT = iphoneos;
				TARGETED_DEVICE_FAMILY = 1;
			};
			name = Release;
		};
		C37427F4180BE77200F24E01 /* Debug */ = {
			isa = XCBuildConfiguration;
			buildSettings = {
				ALWAYS_SEARCH_USER_PATHS = NO;
				COPY_PHASE_STRIP = NO;
				GCC_DYNAMIC_NO_PIC = NO;
				GCC_PRECOMPILE_PREFIX_HEADER = YES;
				GCC_PREFIX_HEADER = NewTarot/Prefix.pch;
				HEADER_SEARCH_PATHS = "\"NewTarot/libs/kazmath/include\"";
				INFOPLIST_FILE = NewTarot/Resources/Info.plist;
				OTHER_LDFLAGS = (
					"-lz",
					"-ObjC",
				);
				PRODUCT_NAME = "$(TARGET_NAME)";
				WRAPPER_EXTENSION = app;
			};
			name = Debug;
		};
		C37427F5180BE77200F24E01 /* Release */ = {
			isa = XCBuildConfiguration;
			buildSettings = {
				ALWAYS_SEARCH_USER_PATHS = NO;
				COPY_PHASE_STRIP = YES;
				GCC_PRECOMPILE_PREFIX_HEADER = YES;
				GCC_PREFIX_HEADER = NewTarot/Prefix.pch;
				HEADER_SEARCH_PATHS = "\"NewTarot/libs/kazmath/include\"";
				INFOPLIST_FILE = NewTarot/Resources/Info.plist;
				OTHER_LDFLAGS = (
					"-lz",
					"-ObjC",
				);
				PRODUCT_NAME = "$(TARGET_NAME)";
				VALIDATE_PRODUCT = YES;
				WRAPPER_EXTENSION = app;
			};
			name = Release;
		};
/* End XCBuildConfiguration section */

/* Begin XCConfigurationList section */
		C3742654180BE76F00F24E01 /* Build configuration list for PBXProject "NewTarot" */ = {
			isa = XCConfigurationList;
			buildConfigurations = (
				C37427F1180BE77200F24E01 /* Debug */,
				C37427F2180BE77200F24E01 /* Release */,
			);
			defaultConfigurationIsVisible = 0;
			defaultConfigurationName = Release;
		};
		C37427F3180BE77200F24E01 /* Build configuration list for PBXNativeTarget "NewTarot" */ = {
			isa = XCConfigurationList;
			buildConfigurations = (
				C37427F4180BE77200F24E01 /* Debug */,
				C37427F5180BE77200F24E01 /* Release */,
			);
			defaultConfigurationIsVisible = 0;
		};
/* End XCConfigurationList section */
	};
	rootObject = C3742651180BE76F00F24E01 /* Project object */;
}
